// !$*UTF8*$!
{
	archiveVersion = 1;
	classes = {
	};
	objectVersion = 46;
	objects = {

/* Begin PBXBuildFile section */
		9ABAE0371CCF8FF7009477CF /* CryptoSwift.framework in Frameworks */ = {isa = PBXBuildFile; fileRef = 9ABAE0361CCF8FF7009477CF /* CryptoSwift.framework */; };
		9AFE68071CCF994A00B7C6AC /* CryptoSwift.framework in Frameworks */ = {isa = PBXBuildFile; fileRef = 9AFE68051CCF986C00B7C6AC /* CryptoSwift.framework */; };
		D5291C291C28220B00B702C9 /* UIImage+Cache.swift in Sources */ = {isa = PBXBuildFile; fileRef = D5291C0D1C28220B00B702C9 /* UIImage+Cache.swift */; };
		D5291C2D1C28220B00B702C9 /* Config.swift in Sources */ = {isa = PBXBuildFile; fileRef = D5291C151C28220B00B702C9 /* Config.swift */; };
		D5291C2E1C28220B00B702C9 /* Cachable.swift in Sources */ = {isa = PBXBuildFile; fileRef = D5291C171C28220B00B702C9 /* Cachable.swift */; };
		D5291C2F1C28220B00B702C9 /* Capsule.swift in Sources */ = {isa = PBXBuildFile; fileRef = D5291C181C28220B00B702C9 /* Capsule.swift */; };
		D5291C301C28220B00B702C9 /* Expiry.swift in Sources */ = {isa = PBXBuildFile; fileRef = D5291C191C28220B00B702C9 /* Expiry.swift */; };
		D5291C311C28220B00B702C9 /* JSON.swift in Sources */ = {isa = PBXBuildFile; fileRef = D5291C1A1C28220B00B702C9 /* JSON.swift */; };
		D5291C321C28220B00B702C9 /* StorageKind.swift in Sources */ = {isa = PBXBuildFile; fileRef = D5291C1B1C28220B00B702C9 /* StorageKind.swift */; };
		D5291C331C28220B00B702C9 /* JSON+Cache.swift in Sources */ = {isa = PBXBuildFile; fileRef = D5291C1D1C28220B00B702C9 /* JSON+Cache.swift */; };
		D5291C341C28220B00B702C9 /* NSData+Cache.swift in Sources */ = {isa = PBXBuildFile; fileRef = D5291C1E1C28220B00B702C9 /* NSData+Cache.swift */; };
		D5291C351C28220B00B702C9 /* NSDate+Cache.swift in Sources */ = {isa = PBXBuildFile; fileRef = D5291C1F1C28220B00B702C9 /* NSDate+Cache.swift */; };
		D5291C361C28220B00B702C9 /* String+Cache.swift in Sources */ = {isa = PBXBuildFile; fileRef = D5291C201C28220B00B702C9 /* String+Cache.swift */; };
		D5291C371C28220B00B702C9 /* DefaultCacheConverter.swift in Sources */ = {isa = PBXBuildFile; fileRef = D5291C221C28220B00B702C9 /* DefaultCacheConverter.swift */; };
		D5291C381C28220B00B702C9 /* DiskStorage.swift in Sources */ = {isa = PBXBuildFile; fileRef = D5291C241C28220B00B702C9 /* DiskStorage.swift */; };
		D5291C391C28220B00B702C9 /* MemoryStorage.swift in Sources */ = {isa = PBXBuildFile; fileRef = D5291C251C28220B00B702C9 /* MemoryStorage.swift */; };
		D5291C3A1C28220B00B702C9 /* StorageAware.swift in Sources */ = {isa = PBXBuildFile; fileRef = D5291C261C28220B00B702C9 /* StorageAware.swift */; };
		D5291C3B1C28220B00B702C9 /* StorageFactory.swift in Sources */ = {isa = PBXBuildFile; fileRef = D5291C271C28220B00B702C9 /* StorageFactory.swift */; };
		D5291C6C1C2827FB00B702C9 /* BasicHybridCache.swift in Sources */ = {isa = PBXBuildFile; fileRef = D5291C6A1C2827FB00B702C9 /* BasicHybridCache.swift */; };
		D5291C731C28296B00B702C9 /* HybridCache.swift in Sources */ = {isa = PBXBuildFile; fileRef = D5291C721C28296B00B702C9 /* HybridCache.swift */; };
		D5291D1D1C2837DB00B702C9 /* Cache.framework in Frameworks */ = {isa = PBXBuildFile; fileRef = D5DC59E01C20593E003BD79B /* Cache.framework */; };
		D5291D351C28389B00B702C9 /* SpecHelper.swift in Sources */ = {isa = PBXBuildFile; fileRef = D5291CDF1C28374800B702C9 /* SpecHelper.swift */; };
		D5291D361C28389B00B702C9 /* User.swift in Sources */ = {isa = PBXBuildFile; fileRef = D5291CE01C28374800B702C9 /* User.swift */; };
		D5291D371C28389B00B702C9 /* CacheSpec.swift in Sources */ = {isa = PBXBuildFile; fileRef = D5291CE21C28374800B702C9 /* CacheSpec.swift */; };
		D5291D381C28389B00B702C9 /* ConfigSpec.swift in Sources */ = {isa = PBXBuildFile; fileRef = D5291CE31C28374800B702C9 /* ConfigSpec.swift */; };
		D5291D391C28389B00B702C9 /* CapsuleSpec.swift in Sources */ = {isa = PBXBuildFile; fileRef = D5291CE51C28374800B702C9 /* CapsuleSpec.swift */; };
		D5291D3A1C28389B00B702C9 /* ExpirySpec.swift in Sources */ = {isa = PBXBuildFile; fileRef = D5291CE61C28374800B702C9 /* ExpirySpec.swift */; };
		D5291D3B1C28389B00B702C9 /* JSONSpec.swift in Sources */ = {isa = PBXBuildFile; fileRef = D5291CE71C28374800B702C9 /* JSONSpec.swift */; };
		D5291D3C1C28389B00B702C9 /* StorageKindSpec.swift in Sources */ = {isa = PBXBuildFile; fileRef = D5291CE81C28374800B702C9 /* StorageKindSpec.swift */; };
		D5291D3D1C28389B00B702C9 /* JSON+CacheSpec.swift in Sources */ = {isa = PBXBuildFile; fileRef = D5291CEA1C28374800B702C9 /* JSON+CacheSpec.swift */; };
		D5291D3E1C28389B00B702C9 /* NSData+CacheSpec.swift in Sources */ = {isa = PBXBuildFile; fileRef = D5291CEB1C28374800B702C9 /* NSData+CacheSpec.swift */; };
		D5291D3F1C28389B00B702C9 /* NSDate+CacheSpec.swift in Sources */ = {isa = PBXBuildFile; fileRef = D5291CEC1C28374800B702C9 /* NSDate+CacheSpec.swift */; };
		D5291D401C28389B00B702C9 /* String+CacheSpec.swift in Sources */ = {isa = PBXBuildFile; fileRef = D5291CED1C28374800B702C9 /* String+CacheSpec.swift */; };
		D5291D411C28389B00B702C9 /* DefaultCacheConverterSpec.swift in Sources */ = {isa = PBXBuildFile; fileRef = D5291CEF1C28374800B702C9 /* DefaultCacheConverterSpec.swift */; };
		D5291D421C28389B00B702C9 /* DiskStorageSpec.swift in Sources */ = {isa = PBXBuildFile; fileRef = D5291CF11C28374800B702C9 /* DiskStorageSpec.swift */; };
		D5291D431C28389B00B702C9 /* MemoryStorageSpec.swift in Sources */ = {isa = PBXBuildFile; fileRef = D5291CF21C28374800B702C9 /* MemoryStorageSpec.swift */; };
		D5291D441C28389B00B702C9 /* StorageFactorySpec.swift in Sources */ = {isa = PBXBuildFile; fileRef = D5291CF31C28374800B702C9 /* StorageFactorySpec.swift */; };
		D5291D571C283A4200B702C9 /* Quick.framework in Frameworks */ = {isa = PBXBuildFile; fileRef = D5DC5A6C1C205C2A003BD79B /* Quick.framework */; };
		D5291D581C283A4200B702C9 /* Nimble.framework in Frameworks */ = {isa = PBXBuildFile; fileRef = D5DC5A6D1C205C2A003BD79B /* Nimble.framework */; };
		D5291D6A1C283B5400B702C9 /* Cache.framework in Frameworks */ = {isa = PBXBuildFile; fileRef = D5291D601C283B5300B702C9 /* Cache.framework */; };
		D5291D7D1C283BF200B702C9 /* NSImage+Cache.swift in Sources */ = {isa = PBXBuildFile; fileRef = D5291D791C283BE300B702C9 /* NSImage+Cache.swift */; };
		D5291D7E1C283BF200B702C9 /* HybridCache.swift in Sources */ = {isa = PBXBuildFile; fileRef = D5291D7A1C283BE300B702C9 /* HybridCache.swift */; };
		D5291D851C283C7C00B702C9 /* SpecHelper+OSX.swift in Sources */ = {isa = PBXBuildFile; fileRef = D5291D811C283C7000B702C9 /* SpecHelper+OSX.swift */; };
		D5291D861C283CFB00B702C9 /* BasicHybridCache.swift in Sources */ = {isa = PBXBuildFile; fileRef = D5291C6A1C2827FB00B702C9 /* BasicHybridCache.swift */; };
		D5291D881C283CFB00B702C9 /* Config.swift in Sources */ = {isa = PBXBuildFile; fileRef = D5291C151C28220B00B702C9 /* Config.swift */; };
		D5291D891C283CFB00B702C9 /* Cachable.swift in Sources */ = {isa = PBXBuildFile; fileRef = D5291C171C28220B00B702C9 /* Cachable.swift */; };
		D5291D8A1C283CFB00B702C9 /* Capsule.swift in Sources */ = {isa = PBXBuildFile; fileRef = D5291C181C28220B00B702C9 /* Capsule.swift */; };
		D5291D8B1C283CFB00B702C9 /* Expiry.swift in Sources */ = {isa = PBXBuildFile; fileRef = D5291C191C28220B00B702C9 /* Expiry.swift */; };
		D5291D8C1C283CFB00B702C9 /* JSON.swift in Sources */ = {isa = PBXBuildFile; fileRef = D5291C1A1C28220B00B702C9 /* JSON.swift */; };
		D5291D8D1C283CFB00B702C9 /* StorageKind.swift in Sources */ = {isa = PBXBuildFile; fileRef = D5291C1B1C28220B00B702C9 /* StorageKind.swift */; };
		D5291D8E1C283CFB00B702C9 /* JSON+Cache.swift in Sources */ = {isa = PBXBuildFile; fileRef = D5291C1D1C28220B00B702C9 /* JSON+Cache.swift */; };
		D5291D8F1C283CFB00B702C9 /* NSData+Cache.swift in Sources */ = {isa = PBXBuildFile; fileRef = D5291C1E1C28220B00B702C9 /* NSData+Cache.swift */; };
		D5291D901C283CFB00B702C9 /* NSDate+Cache.swift in Sources */ = {isa = PBXBuildFile; fileRef = D5291C1F1C28220B00B702C9 /* NSDate+Cache.swift */; };
		D5291D911C283CFB00B702C9 /* String+Cache.swift in Sources */ = {isa = PBXBuildFile; fileRef = D5291C201C28220B00B702C9 /* String+Cache.swift */; };
		D5291D921C283CFB00B702C9 /* DefaultCacheConverter.swift in Sources */ = {isa = PBXBuildFile; fileRef = D5291C221C28220B00B702C9 /* DefaultCacheConverter.swift */; };
		D5291D931C283CFB00B702C9 /* DiskStorage.swift in Sources */ = {isa = PBXBuildFile; fileRef = D5291C241C28220B00B702C9 /* DiskStorage.swift */; };
		D5291D941C283CFB00B702C9 /* MemoryStorage.swift in Sources */ = {isa = PBXBuildFile; fileRef = D5291C251C28220B00B702C9 /* MemoryStorage.swift */; };
		D5291D951C283CFB00B702C9 /* StorageAware.swift in Sources */ = {isa = PBXBuildFile; fileRef = D5291C261C28220B00B702C9 /* StorageAware.swift */; };
		D5291D961C283CFB00B702C9 /* StorageFactory.swift in Sources */ = {isa = PBXBuildFile; fileRef = D5291C271C28220B00B702C9 /* StorageFactory.swift */; };
		D5291D9A1C283DB300B702C9 /* UIImage+CacheSpec.swift in Sources */ = {isa = PBXBuildFile; fileRef = D5291D991C283DB300B702C9 /* UIImage+CacheSpec.swift */; };
		D5291D9C1C283DD900B702C9 /* NSImage+CacheSpec.swift in Sources */ = {isa = PBXBuildFile; fileRef = D5291D9B1C283DD900B702C9 /* NSImage+CacheSpec.swift */; };
		D5291D9E1C283EC000B702C9 /* Nimble.framework in Frameworks */ = {isa = PBXBuildFile; fileRef = D5291CDA1C2835D000B702C9 /* Nimble.framework */; };
		D5291DA11C28405900B702C9 /* UIImage+CacheTests.swift in Sources */ = {isa = PBXBuildFile; fileRef = D5291DA01C28405900B702C9 /* UIImage+CacheTests.swift */; };
		D5291DA31C2841D200B702C9 /* NSImage+CacheTests.swift in Sources */ = {isa = PBXBuildFile; fileRef = D5291DA21C2841D200B702C9 /* NSImage+CacheTests.swift */; };
		D5ACACC91CD01F3400567809 /* SyncCache.swift in Sources */ = {isa = PBXBuildFile; fileRef = D5ACACC81CD01F3400567809 /* SyncCache.swift */; };
		D5ACACCA1CD01F3400567809 /* SyncCache.swift in Sources */ = {isa = PBXBuildFile; fileRef = D5ACACC81CD01F3400567809 /* SyncCache.swift */; };
		D5ACACCC1CD0207300567809 /* SyncHybridCache.swift in Sources */ = {isa = PBXBuildFile; fileRef = D5ACACCB1CD0207300567809 /* SyncHybridCache.swift */; };
		D5ACACCD1CD0207300567809 /* SyncHybridCache.swift in Sources */ = {isa = PBXBuildFile; fileRef = D5ACACCB1CD0207300567809 /* SyncHybridCache.swift */; };
		D5ACACD11CD0228400567809 /* SyncCacheSpec.swift in Sources */ = {isa = PBXBuildFile; fileRef = D5ACACCE1CD0227200567809 /* SyncCacheSpec.swift */; };
		D5ACACD51CD0256700567809 /* SyncHybridCacheSpec.swift in Sources */ = {isa = PBXBuildFile; fileRef = D5ACACD21CD0254300567809 /* SyncHybridCacheSpec.swift */; };
		D5ACACDE1CD0272600567809 /* Cache.swift in Sources */ = {isa = PBXBuildFile; fileRef = D5ACACDD1CD0272600567809 /* Cache.swift */; };
		D5ACACDF1CD0272600567809 /* Cache.swift in Sources */ = {isa = PBXBuildFile; fileRef = D5ACACDD1CD0272600567809 /* Cache.swift */; };
		D5BAEBF31CD1F4B70003E865 /* Quick.framework in Frameworks */ = {isa = PBXBuildFile; fileRef = 9AFE68031CCF982800B7C6AC /* Quick.framework */; };
		D5BAEBF51CD1F57D0003E865 /* CryptoSwift.framework in Frameworks */ = {isa = PBXBuildFile; fileRef = 9ABAE0361CCF8FF7009477CF /* CryptoSwift.framework */; };
		D5BAEBF61CD1F6250003E865 /* CryptoSwift.framework in Frameworks */ = {isa = PBXBuildFile; fileRef = 9AFE68051CCF986C00B7C6AC /* CryptoSwift.framework */; };
/* End PBXBuildFile section */

/* Begin PBXContainerItemProxy section */
		D5291D1E1C2837DB00B702C9 /* PBXContainerItemProxy */ = {
			isa = PBXContainerItemProxy;
			containerPortal = D5DC59D71C20593E003BD79B /* Project object */;
			proxyType = 1;
			remoteGlobalIDString = D5DC59DF1C20593E003BD79B;
			remoteInfo = "Cache-iOS";
		};
		D5291D6B1C283B5400B702C9 /* PBXContainerItemProxy */ = {
			isa = PBXContainerItemProxy;
			containerPortal = D5DC59D71C20593E003BD79B /* Project object */;
			proxyType = 1;
			remoteGlobalIDString = D5291D5F1C283B5300B702C9;
			remoteInfo = "Cache-Mac";
		};
/* End PBXContainerItemProxy section */

/* Begin PBXFileReference section */
		9ABAE0361CCF8FF7009477CF /* CryptoSwift.framework */ = {isa = PBXFileReference; lastKnownFileType = wrapper.framework; name = CryptoSwift.framework; path = Carthage/Build/iOS/CryptoSwift.framework; sourceTree = "<group>"; };
		9AFE68031CCF982800B7C6AC /* Quick.framework */ = {isa = PBXFileReference; lastKnownFileType = wrapper.framework; name = Quick.framework; path = Carthage/Build/Mac/Quick.framework; sourceTree = "<group>"; };
		9AFE68051CCF986C00B7C6AC /* CryptoSwift.framework */ = {isa = PBXFileReference; lastKnownFileType = wrapper.framework; name = CryptoSwift.framework; path = Carthage/Build/Mac/CryptoSwift.framework; sourceTree = "<group>"; };
		D5291C0D1C28220B00B702C9 /* UIImage+Cache.swift */ = {isa = PBXFileReference; fileEncoding = 4; lastKnownFileType = sourcecode.swift; path = "UIImage+Cache.swift"; sourceTree = "<group>"; };
		D5291C151C28220B00B702C9 /* Config.swift */ = {isa = PBXFileReference; fileEncoding = 4; lastKnownFileType = sourcecode.swift; path = Config.swift; sourceTree = "<group>"; };
		D5291C171C28220B00B702C9 /* Cachable.swift */ = {isa = PBXFileReference; fileEncoding = 4; lastKnownFileType = sourcecode.swift; path = Cachable.swift; sourceTree = "<group>"; };
		D5291C181C28220B00B702C9 /* Capsule.swift */ = {isa = PBXFileReference; fileEncoding = 4; lastKnownFileType = sourcecode.swift; path = Capsule.swift; sourceTree = "<group>"; };
		D5291C191C28220B00B702C9 /* Expiry.swift */ = {isa = PBXFileReference; fileEncoding = 4; lastKnownFileType = sourcecode.swift; path = Expiry.swift; sourceTree = "<group>"; };
		D5291C1A1C28220B00B702C9 /* JSON.swift */ = {isa = PBXFileReference; fileEncoding = 4; lastKnownFileType = sourcecode.swift; path = JSON.swift; sourceTree = "<group>"; };
		D5291C1B1C28220B00B702C9 /* StorageKind.swift */ = {isa = PBXFileReference; fileEncoding = 4; lastKnownFileType = sourcecode.swift; path = StorageKind.swift; sourceTree = "<group>"; };
		D5291C1D1C28220B00B702C9 /* JSON+Cache.swift */ = {isa = PBXFileReference; fileEncoding = 4; lastKnownFileType = sourcecode.swift; path = "JSON+Cache.swift"; sourceTree = "<group>"; };
		D5291C1E1C28220B00B702C9 /* NSData+Cache.swift */ = {isa = PBXFileReference; fileEncoding = 4; lastKnownFileType = sourcecode.swift; path = "NSData+Cache.swift"; sourceTree = "<group>"; };
		D5291C1F1C28220B00B702C9 /* NSDate+Cache.swift */ = {isa = PBXFileReference; fileEncoding = 4; lastKnownFileType = sourcecode.swift; path = "NSDate+Cache.swift"; sourceTree = "<group>"; };
		D5291C201C28220B00B702C9 /* String+Cache.swift */ = {isa = PBXFileReference; fileEncoding = 4; lastKnownFileType = sourcecode.swift; path = "String+Cache.swift"; sourceTree = "<group>"; };
		D5291C221C28220B00B702C9 /* DefaultCacheConverter.swift */ = {isa = PBXFileReference; fileEncoding = 4; lastKnownFileType = sourcecode.swift; path = DefaultCacheConverter.swift; sourceTree = "<group>"; };
		D5291C241C28220B00B702C9 /* DiskStorage.swift */ = {isa = PBXFileReference; fileEncoding = 4; lastKnownFileType = sourcecode.swift; path = DiskStorage.swift; sourceTree = "<group>"; };
		D5291C251C28220B00B702C9 /* MemoryStorage.swift */ = {isa = PBXFileReference; fileEncoding = 4; lastKnownFileType = sourcecode.swift; path = MemoryStorage.swift; sourceTree = "<group>"; };
		D5291C261C28220B00B702C9 /* StorageAware.swift */ = {isa = PBXFileReference; fileEncoding = 4; lastKnownFileType = sourcecode.swift; path = StorageAware.swift; sourceTree = "<group>"; };
		D5291C271C28220B00B702C9 /* StorageFactory.swift */ = {isa = PBXFileReference; fileEncoding = 4; lastKnownFileType = sourcecode.swift; path = StorageFactory.swift; sourceTree = "<group>"; };
		D5291C6A1C2827FB00B702C9 /* BasicHybridCache.swift */ = {isa = PBXFileReference; fileEncoding = 4; lastKnownFileType = sourcecode.swift; path = BasicHybridCache.swift; sourceTree = "<group>"; };
		D5291C721C28296B00B702C9 /* HybridCache.swift */ = {isa = PBXFileReference; fileEncoding = 4; lastKnownFileType = sourcecode.swift; path = HybridCache.swift; sourceTree = "<group>"; };
		D5291CDA1C2835D000B702C9 /* Nimble.framework */ = {isa = PBXFileReference; lastKnownFileType = wrapper.framework; name = Nimble.framework; path = Carthage/Build/Mac/Nimble.framework; sourceTree = "<group>"; };
		D5291CDF1C28374800B702C9 /* SpecHelper.swift */ = {isa = PBXFileReference; fileEncoding = 4; lastKnownFileType = sourcecode.swift; path = SpecHelper.swift; sourceTree = "<group>"; };
		D5291CE01C28374800B702C9 /* User.swift */ = {isa = PBXFileReference; fileEncoding = 4; lastKnownFileType = sourcecode.swift; path = User.swift; sourceTree = "<group>"; };
		D5291CE21C28374800B702C9 /* CacheSpec.swift */ = {isa = PBXFileReference; fileEncoding = 4; lastKnownFileType = sourcecode.swift; path = CacheSpec.swift; sourceTree = "<group>"; };
		D5291CE31C28374800B702C9 /* ConfigSpec.swift */ = {isa = PBXFileReference; fileEncoding = 4; lastKnownFileType = sourcecode.swift; path = ConfigSpec.swift; sourceTree = "<group>"; };
		D5291CE51C28374800B702C9 /* CapsuleSpec.swift */ = {isa = PBXFileReference; fileEncoding = 4; lastKnownFileType = sourcecode.swift; path = CapsuleSpec.swift; sourceTree = "<group>"; };
		D5291CE61C28374800B702C9 /* ExpirySpec.swift */ = {isa = PBXFileReference; fileEncoding = 4; lastKnownFileType = sourcecode.swift; path = ExpirySpec.swift; sourceTree = "<group>"; };
		D5291CE71C28374800B702C9 /* JSONSpec.swift */ = {isa = PBXFileReference; fileEncoding = 4; lastKnownFileType = sourcecode.swift; path = JSONSpec.swift; sourceTree = "<group>"; };
		D5291CE81C28374800B702C9 /* StorageKindSpec.swift */ = {isa = PBXFileReference; fileEncoding = 4; lastKnownFileType = sourcecode.swift; path = StorageKindSpec.swift; sourceTree = "<group>"; };
		D5291CEA1C28374800B702C9 /* JSON+CacheSpec.swift */ = {isa = PBXFileReference; fileEncoding = 4; lastKnownFileType = sourcecode.swift; path = "JSON+CacheSpec.swift"; sourceTree = "<group>"; };
		D5291CEB1C28374800B702C9 /* NSData+CacheSpec.swift */ = {isa = PBXFileReference; fileEncoding = 4; lastKnownFileType = sourcecode.swift; path = "NSData+CacheSpec.swift"; sourceTree = "<group>"; };
		D5291CEC1C28374800B702C9 /* NSDate+CacheSpec.swift */ = {isa = PBXFileReference; fileEncoding = 4; lastKnownFileType = sourcecode.swift; path = "NSDate+CacheSpec.swift"; sourceTree = "<group>"; };
		D5291CED1C28374800B702C9 /* String+CacheSpec.swift */ = {isa = PBXFileReference; fileEncoding = 4; lastKnownFileType = sourcecode.swift; path = "String+CacheSpec.swift"; sourceTree = "<group>"; };
		D5291CEF1C28374800B702C9 /* DefaultCacheConverterSpec.swift */ = {isa = PBXFileReference; fileEncoding = 4; lastKnownFileType = sourcecode.swift; path = DefaultCacheConverterSpec.swift; sourceTree = "<group>"; };
		D5291CF11C28374800B702C9 /* DiskStorageSpec.swift */ = {isa = PBXFileReference; fileEncoding = 4; lastKnownFileType = sourcecode.swift; path = DiskStorageSpec.swift; sourceTree = "<group>"; };
		D5291CF21C28374800B702C9 /* MemoryStorageSpec.swift */ = {isa = PBXFileReference; fileEncoding = 4; lastKnownFileType = sourcecode.swift; path = MemoryStorageSpec.swift; sourceTree = "<group>"; };
		D5291CF31C28374800B702C9 /* StorageFactorySpec.swift */ = {isa = PBXFileReference; fileEncoding = 4; lastKnownFileType = sourcecode.swift; path = StorageFactorySpec.swift; sourceTree = "<group>"; };
		D5291D181C2837DB00B702C9 /* Cache-iOS-Tests.xctest */ = {isa = PBXFileReference; explicitFileType = wrapper.cfbundle; includeInIndex = 0; path = "Cache-iOS-Tests.xctest"; sourceTree = BUILT_PRODUCTS_DIR; };
		D5291D231C28380100B702C9 /* Info.plist */ = {isa = PBXFileReference; fileEncoding = 4; lastKnownFileType = text.plist.xml; path = Info.plist; sourceTree = "<group>"; };
		D5291D601C283B5300B702C9 /* Cache.framework */ = {isa = PBXFileReference; explicitFileType = wrapper.framework; includeInIndex = 0; path = Cache.framework; sourceTree = BUILT_PRODUCTS_DIR; };
		D5291D691C283B5400B702C9 /* Cache-Mac-Tests.xctest */ = {isa = PBXFileReference; explicitFileType = wrapper.cfbundle; includeInIndex = 0; path = "Cache-Mac-Tests.xctest"; sourceTree = BUILT_PRODUCTS_DIR; };
		D5291D791C283BE300B702C9 /* NSImage+Cache.swift */ = {isa = PBXFileReference; fileEncoding = 4; lastKnownFileType = sourcecode.swift; path = "NSImage+Cache.swift"; sourceTree = "<group>"; };
		D5291D7A1C283BE300B702C9 /* HybridCache.swift */ = {isa = PBXFileReference; fileEncoding = 4; lastKnownFileType = sourcecode.swift; path = HybridCache.swift; sourceTree = "<group>"; };
		D5291D811C283C7000B702C9 /* SpecHelper+OSX.swift */ = {isa = PBXFileReference; fileEncoding = 4; lastKnownFileType = sourcecode.swift; path = "SpecHelper+OSX.swift"; sourceTree = "<group>"; };
		D5291D821C283C7000B702C9 /* Info.plist */ = {isa = PBXFileReference; fileEncoding = 4; lastKnownFileType = text.plist.xml; path = Info.plist; sourceTree = "<group>"; };
		D5291D991C283DB300B702C9 /* UIImage+CacheSpec.swift */ = {isa = PBXFileReference; fileEncoding = 4; lastKnownFileType = sourcecode.swift; path = "UIImage+CacheSpec.swift"; sourceTree = "<group>"; };
		D5291D9B1C283DD900B702C9 /* NSImage+CacheSpec.swift */ = {isa = PBXFileReference; fileEncoding = 4; lastKnownFileType = sourcecode.swift; path = "NSImage+CacheSpec.swift"; sourceTree = "<group>"; };
		D5291DA01C28405900B702C9 /* UIImage+CacheTests.swift */ = {isa = PBXFileReference; fileEncoding = 4; lastKnownFileType = sourcecode.swift; path = "UIImage+CacheTests.swift"; sourceTree = "<group>"; };
		D5291DA21C2841D200B702C9 /* NSImage+CacheTests.swift */ = {isa = PBXFileReference; fileEncoding = 4; lastKnownFileType = sourcecode.swift; path = "NSImage+CacheTests.swift"; sourceTree = "<group>"; };
		D5643E351C43F2CC00582E17 /* CustomCache.playground */ = {isa = PBXFileReference; lastKnownFileType = file.playground; path = CustomCache.playground; sourceTree = "<group>"; };
		D5643E361C43F2CC00582E17 /* HybridCache.playground */ = {isa = PBXFileReference; lastKnownFileType = file.playground; path = HybridCache.playground; sourceTree = "<group>"; };
		D5ACACC81CD01F3400567809 /* SyncCache.swift */ = {isa = PBXFileReference; fileEncoding = 4; lastKnownFileType = sourcecode.swift; path = SyncCache.swift; sourceTree = "<group>"; };
		D5ACACCB1CD0207300567809 /* SyncHybridCache.swift */ = {isa = PBXFileReference; fileEncoding = 4; lastKnownFileType = sourcecode.swift; path = SyncHybridCache.swift; sourceTree = "<group>"; };
		D5ACACCE1CD0227200567809 /* SyncCacheSpec.swift */ = {isa = PBXFileReference; fileEncoding = 4; lastKnownFileType = sourcecode.swift; path = SyncCacheSpec.swift; sourceTree = "<group>"; };
		D5ACACD21CD0254300567809 /* SyncHybridCacheSpec.swift */ = {isa = PBXFileReference; fileEncoding = 4; lastKnownFileType = sourcecode.swift; path = SyncHybridCacheSpec.swift; sourceTree = "<group>"; };
		D5ACACDD1CD0272600567809 /* Cache.swift */ = {isa = PBXFileReference; fileEncoding = 4; lastKnownFileType = sourcecode.swift; path = Cache.swift; sourceTree = "<group>"; };
		D5DC59E01C20593E003BD79B /* Cache.framework */ = {isa = PBXFileReference; explicitFileType = wrapper.framework; includeInIndex = 0; path = Cache.framework; sourceTree = BUILT_PRODUCTS_DIR; };
		D5DC5A181C205AC9003BD79B /* Info.plist */ = {isa = PBXFileReference; fileEncoding = 4; lastKnownFileType = text.plist.xml; path = Info.plist; sourceTree = "<group>"; };
		D5DC5A6C1C205C2A003BD79B /* Quick.framework */ = {isa = PBXFileReference; lastKnownFileType = wrapper.framework; name = Quick.framework; path = Carthage/Build/iOS/Quick.framework; sourceTree = "<group>"; };
		D5DC5A6D1C205C2A003BD79B /* Nimble.framework */ = {isa = PBXFileReference; lastKnownFileType = wrapper.framework; name = Nimble.framework; path = Carthage/Build/iOS/Nimble.framework; sourceTree = "<group>"; };
/* End PBXFileReference section */

/* Begin PBXFrameworksBuildPhase section */
		D5291D151C2837DB00B702C9 /* Frameworks */ = {
			isa = PBXFrameworksBuildPhase;
			buildActionMask = 2147483647;
			files = (
				D5291D1D1C2837DB00B702C9 /* Cache.framework in Frameworks */,
				D5BAEBF51CD1F57D0003E865 /* CryptoSwift.framework in Frameworks */,
				D5291D571C283A4200B702C9 /* Quick.framework in Frameworks */,
				D5291D581C283A4200B702C9 /* Nimble.framework in Frameworks */,
			);
			runOnlyForDeploymentPostprocessing = 0;
		};
		D5291D5C1C283B5300B702C9 /* Frameworks */ = {
			isa = PBXFrameworksBuildPhase;
			buildActionMask = 2147483647;
			files = (
				9AFE68071CCF994A00B7C6AC /* CryptoSwift.framework in Frameworks */,
			);
			runOnlyForDeploymentPostprocessing = 0;
		};
		D5291D661C283B5400B702C9 /* Frameworks */ = {
			isa = PBXFrameworksBuildPhase;
			buildActionMask = 2147483647;
			files = (
				D5291D6A1C283B5400B702C9 /* Cache.framework in Frameworks */,
				D5BAEBF61CD1F6250003E865 /* CryptoSwift.framework in Frameworks */,
				D5BAEBF31CD1F4B70003E865 /* Quick.framework in Frameworks */,
				D5291D9E1C283EC000B702C9 /* Nimble.framework in Frameworks */,
			);
			runOnlyForDeploymentPostprocessing = 0;
		};
		D5DC59DC1C20593E003BD79B /* Frameworks */ = {
			isa = PBXFrameworksBuildPhase;
			buildActionMask = 2147483647;
			files = (
				9ABAE0371CCF8FF7009477CF /* CryptoSwift.framework in Frameworks */,
			);
			runOnlyForDeploymentPostprocessing = 0;
		};
/* End PBXFrameworksBuildPhase section */

/* Begin PBXGroup section */
		D5291C081C28220B00B702C9 /* Source */ = {
			isa = PBXGroup;
			children = (
				D5291C091C28220B00B702C9 /* iOS */,
				D5291D771C283BE300B702C9 /* Mac */,
				D5291C111C28220B00B702C9 /* Shared */,
			);
			path = Source;
			sourceTree = "<group>";
		};
		D5291C091C28220B00B702C9 /* iOS */ = {
			isa = PBXGroup;
			children = (
				D5291C721C28296B00B702C9 /* HybridCache.swift */,
				D5291C0C1C28220B00B702C9 /* Extensions */,
			);
			path = iOS;
			sourceTree = "<group>";
		};
		D5291C0C1C28220B00B702C9 /* Extensions */ = {
			isa = PBXGroup;
			children = (
				D5291C0D1C28220B00B702C9 /* UIImage+Cache.swift */,
			);
			path = Extensions;
			sourceTree = "<group>";
		};
		D5291C111C28220B00B702C9 /* Shared */ = {
			isa = PBXGroup;
			children = (
				D5291C6A1C2827FB00B702C9 /* BasicHybridCache.swift */,
				D5ACACDD1CD0272600567809 /* Cache.swift */,
				D5291C151C28220B00B702C9 /* Config.swift */,
				D5291C161C28220B00B702C9 /* DataStructures */,
				D5291C1C1C28220B00B702C9 /* Extensions */,
				D5291C211C28220B00B702C9 /* Library */,
				D5291C231C28220B00B702C9 /* Storage */,
			);
			path = Shared;
			sourceTree = "<group>";
		};
		D5291C161C28220B00B702C9 /* DataStructures */ = {
			isa = PBXGroup;
			children = (
				D5291C171C28220B00B702C9 /* Cachable.swift */,
				D5291C181C28220B00B702C9 /* Capsule.swift */,
				D5291C191C28220B00B702C9 /* Expiry.swift */,
				D5291C1A1C28220B00B702C9 /* JSON.swift */,
				D5291C1B1C28220B00B702C9 /* StorageKind.swift */,
			);
			path = DataStructures;
			sourceTree = "<group>";
		};
		D5291C1C1C28220B00B702C9 /* Extensions */ = {
			isa = PBXGroup;
			children = (
				D5291C1D1C28220B00B702C9 /* JSON+Cache.swift */,
				D5291C1E1C28220B00B702C9 /* NSData+Cache.swift */,
				D5291C1F1C28220B00B702C9 /* NSDate+Cache.swift */,
				D5291C201C28220B00B702C9 /* String+Cache.swift */,
			);
			path = Extensions;
			sourceTree = "<group>";
		};
		D5291C211C28220B00B702C9 /* Library */ = {
			isa = PBXGroup;
			children = (
				D5291C221C28220B00B702C9 /* DefaultCacheConverter.swift */,
				D5ACACC81CD01F3400567809 /* SyncCache.swift */,
				D5ACACCB1CD0207300567809 /* SyncHybridCache.swift */,
			);
			path = Library;
			sourceTree = "<group>";
		};
		D5291C231C28220B00B702C9 /* Storage */ = {
			isa = PBXGroup;
			children = (
				D5291C241C28220B00B702C9 /* DiskStorage.swift */,
				D5291C251C28220B00B702C9 /* MemoryStorage.swift */,
				D5291C261C28220B00B702C9 /* StorageAware.swift */,
				D5291C271C28220B00B702C9 /* StorageFactory.swift */,
			);
			path = Storage;
			sourceTree = "<group>";
		};
		D5291CDD1C28374800B702C9 /* iOS */ = {
			isa = PBXGroup;
			children = (
				D5291D231C28380100B702C9 /* Info.plist */,
				D5291CDE1C28374800B702C9 /* Helpers */,
				D5291CE11C28374800B702C9 /* Specs */,
			);
			path = iOS;
			sourceTree = "<group>";
		};
		D5291CDE1C28374800B702C9 /* Helpers */ = {
			isa = PBXGroup;
			children = (
				D5291CDF1C28374800B702C9 /* SpecHelper.swift */,
				D5291CE01C28374800B702C9 /* User.swift */,
				D5291DA01C28405900B702C9 /* UIImage+CacheTests.swift */,
			);
			path = Helpers;
			sourceTree = "<group>";
		};
		D5291CE11C28374800B702C9 /* Specs */ = {
			isa = PBXGroup;
			children = (
				D5291CE21C28374800B702C9 /* CacheSpec.swift */,
				D5291CE31C28374800B702C9 /* ConfigSpec.swift */,
				D5291CE41C28374800B702C9 /* DataStructures */,
				D5291CE91C28374800B702C9 /* Extensions */,
				D5291CEE1C28374800B702C9 /* Library */,
				D5291CF01C28374800B702C9 /* Storage */,
			);
			path = Specs;
			sourceTree = "<group>";
		};
		D5291CE41C28374800B702C9 /* DataStructures */ = {
			isa = PBXGroup;
			children = (
				D5291CE51C28374800B702C9 /* CapsuleSpec.swift */,
				D5291CE61C28374800B702C9 /* ExpirySpec.swift */,
				D5291CE71C28374800B702C9 /* JSONSpec.swift */,
				D5291CE81C28374800B702C9 /* StorageKindSpec.swift */,
			);
			path = DataStructures;
			sourceTree = "<group>";
		};
		D5291CE91C28374800B702C9 /* Extensions */ = {
			isa = PBXGroup;
			children = (
				D5291CEA1C28374800B702C9 /* JSON+CacheSpec.swift */,
				D5291CEB1C28374800B702C9 /* NSData+CacheSpec.swift */,
				D5291CEC1C28374800B702C9 /* NSDate+CacheSpec.swift */,
				D5291CED1C28374800B702C9 /* String+CacheSpec.swift */,
				D5291D991C283DB300B702C9 /* UIImage+CacheSpec.swift */,
			);
			path = Extensions;
			sourceTree = "<group>";
		};
		D5291CEE1C28374800B702C9 /* Library */ = {
			isa = PBXGroup;
			children = (
				D5291CEF1C28374800B702C9 /* DefaultCacheConverterSpec.swift */,
				D5ACACCE1CD0227200567809 /* SyncCacheSpec.swift */,
				D5ACACD21CD0254300567809 /* SyncHybridCacheSpec.swift */,
			);
			path = Library;
			sourceTree = "<group>";
		};
		D5291CF01C28374800B702C9 /* Storage */ = {
			isa = PBXGroup;
			children = (
				D5291CF11C28374800B702C9 /* DiskStorageSpec.swift */,
				D5291CF21C28374800B702C9 /* MemoryStorageSpec.swift */,
				D5291CF31C28374800B702C9 /* StorageFactorySpec.swift */,
			);
			path = Storage;
			sourceTree = "<group>";
		};
		D5291D771C283BE300B702C9 /* Mac */ = {
			isa = PBXGroup;
			children = (
				D5291D781C283BE300B702C9 /* Extensions */,
				D5291D7A1C283BE300B702C9 /* HybridCache.swift */,
			);
			path = Mac;
			sourceTree = "<group>";
		};
		D5291D781C283BE300B702C9 /* Extensions */ = {
			isa = PBXGroup;
			children = (
				D5291D791C283BE300B702C9 /* NSImage+Cache.swift */,
			);
			path = Extensions;
			sourceTree = "<group>";
		};
		D5291D7F1C283C7000B702C9 /* Mac */ = {
			isa = PBXGroup;
			children = (
				D5291D801C283C7000B702C9 /* Helpers */,
				D5291D971C283D4100B702C9 /* Specs */,
				D5291D821C283C7000B702C9 /* Info.plist */,
			);
			path = Mac;
			sourceTree = "<group>";
		};
		D5291D801C283C7000B702C9 /* Helpers */ = {
			isa = PBXGroup;
			children = (
				D5291D811C283C7000B702C9 /* SpecHelper+OSX.swift */,
				D5291DA21C2841D200B702C9 /* NSImage+CacheTests.swift */,
			);
			path = Helpers;
			sourceTree = "<group>";
		};
		D5291D971C283D4100B702C9 /* Specs */ = {
			isa = PBXGroup;
			children = (
				D5291D981C283D5200B702C9 /* Extensions */,
			);
			path = Specs;
			sourceTree = "<group>";
		};
		D5291D981C283D5200B702C9 /* Extensions */ = {
			isa = PBXGroup;
			children = (
				D5291D9B1C283DD900B702C9 /* NSImage+CacheSpec.swift */,
			);
			path = Extensions;
			sourceTree = "<group>";
		};
		D5291DA41C28452300B702C9 /* Frameworks */ = {
			isa = PBXGroup;
			children = (
				D5291DA61C28454800B702C9 /* iOS */,
				D5291DA51C28454000B702C9 /* Mac */,
			);
			name = Frameworks;
			sourceTree = "<group>";
		};
		D5291DA51C28454000B702C9 /* Mac */ = {
			isa = PBXGroup;
			children = (
				9AFE68051CCF986C00B7C6AC /* CryptoSwift.framework */,
				9AFE68031CCF982800B7C6AC /* Quick.framework */,
				D5291CDA1C2835D000B702C9 /* Nimble.framework */,
			);
			name = Mac;
			sourceTree = "<group>";
		};
		D5291DA61C28454800B702C9 /* iOS */ = {
			isa = PBXGroup;
			children = (
				9ABAE0361CCF8FF7009477CF /* CryptoSwift.framework */,
				D5DC5A6C1C205C2A003BD79B /* Quick.framework */,
				D5DC5A6D1C205C2A003BD79B /* Nimble.framework */,
			);
			name = iOS;
			sourceTree = "<group>";
		};
		D5643E341C43F2CC00582E17 /* Playgrounds */ = {
			isa = PBXGroup;
			children = (
				D5643E351C43F2CC00582E17 /* CustomCache.playground */,
				D5643E361C43F2CC00582E17 /* HybridCache.playground */,
			);
			path = Playgrounds;
			sourceTree = "<group>";
		};
		D5DC59D61C20593E003BD79B = {
			isa = PBXGroup;
			children = (
				D5643E341C43F2CC00582E17 /* Playgrounds */,
				D5291DA41C28452300B702C9 /* Frameworks */,
				D5291C081C28220B00B702C9 /* Source */,
				D5DC5A161C205AC9003BD79B /* SupportFiles */,
				D5DC59FA1C205AC9003BD79B /* Tests */,
				D5DC59E11C20593E003BD79B /* Products */,
			);
			sourceTree = "<group>";
		};
		D5DC59E11C20593E003BD79B /* Products */ = {
			isa = PBXGroup;
			children = (
				D5DC59E01C20593E003BD79B /* Cache.framework */,
				D5291D181C2837DB00B702C9 /* Cache-iOS-Tests.xctest */,
				D5291D601C283B5300B702C9 /* Cache.framework */,
				D5291D691C283B5400B702C9 /* Cache-Mac-Tests.xctest */,
			);
			name = Products;
			sourceTree = "<group>";
		};
		D5DC59FA1C205AC9003BD79B /* Tests */ = {
			isa = PBXGroup;
			children = (
				D5291CDD1C28374800B702C9 /* iOS */,
				D5291D7F1C283C7000B702C9 /* Mac */,
			);
			path = Tests;
			sourceTree = "<group>";
		};
		D5DC5A161C205AC9003BD79B /* SupportFiles */ = {
			isa = PBXGroup;
			children = (
				D5DC5A181C205AC9003BD79B /* Info.plist */,
			);
			path = SupportFiles;
			sourceTree = "<group>";
		};
/* End PBXGroup section */

/* Begin PBXHeadersBuildPhase section */
		D5291D5D1C283B5300B702C9 /* Headers */ = {
			isa = PBXHeadersBuildPhase;
			buildActionMask = 2147483647;
			files = (
			);
			runOnlyForDeploymentPostprocessing = 0;
		};
		D5DC59DD1C20593E003BD79B /* Headers */ = {
			isa = PBXHeadersBuildPhase;
			buildActionMask = 2147483647;
			files = (
			);
			runOnlyForDeploymentPostprocessing = 0;
		};
/* End PBXHeadersBuildPhase section */

/* Begin PBXNativeTarget section */
		D5291D171C2837DB00B702C9 /* Cache-iOS-Tests */ = {
			isa = PBXNativeTarget;
			buildConfigurationList = D5291D201C2837DB00B702C9 /* Build configuration list for PBXNativeTarget "Cache-iOS-Tests" */;
			buildPhases = (
				D5291D141C2837DB00B702C9 /* Sources */,
				D5291D151C2837DB00B702C9 /* Frameworks */,
				D5291D161C2837DB00B702C9 /* Resources */,
				D5291D591C283AA700B702C9 /* ShellScript */,
			);
			buildRules = (
			);
			dependencies = (
				D5291D1F1C2837DB00B702C9 /* PBXTargetDependency */,
			);
			name = "Cache-iOS-Tests";
			productName = "Cache-iOS-Tests";
			productReference = D5291D181C2837DB00B702C9 /* Cache-iOS-Tests.xctest */;
			productType = "com.apple.product-type.bundle.unit-test";
		};
		D5291D5F1C283B5300B702C9 /* Cache-Mac */ = {
			isa = PBXNativeTarget;
			buildConfigurationList = D5291D711C283B5400B702C9 /* Build configuration list for PBXNativeTarget "Cache-Mac" */;
			buildPhases = (
				D5291D5B1C283B5300B702C9 /* Sources */,
				D5291D5C1C283B5300B702C9 /* Frameworks */,
				D5291D5D1C283B5300B702C9 /* Headers */,
				D5291D5E1C283B5300B702C9 /* Resources */,
				D5BAEBF41CD1F4D30003E865 /* ShellScript */,
				BD58C3AE1CF2EA04003F7141 /* ShellScript */,
			);
			buildRules = (
			);
			dependencies = (
			);
			name = "Cache-Mac";
			productName = "Cache-Mac";
			productReference = D5291D601C283B5300B702C9 /* Cache.framework */;
			productType = "com.apple.product-type.framework";
		};
		D5291D681C283B5400B702C9 /* Cache-Mac-Tests */ = {
			isa = PBXNativeTarget;
			buildConfigurationList = D5291D741C283B5400B702C9 /* Build configuration list for PBXNativeTarget "Cache-Mac-Tests" */;
			buildPhases = (
				D5291D651C283B5400B702C9 /* Sources */,
				D5291D661C283B5400B702C9 /* Frameworks */,
				D5291D671C283B5400B702C9 /* Resources */,
				D5291D9F1C283ECD00B702C9 /* ShellScript */,
			);
			buildRules = (
			);
			dependencies = (
				D5291D6C1C283B5400B702C9 /* PBXTargetDependency */,
			);
			name = "Cache-Mac-Tests";
			productName = "Cache-MacTests";
			productReference = D5291D691C283B5400B702C9 /* Cache-Mac-Tests.xctest */;
			productType = "com.apple.product-type.bundle.unit-test";
		};
		D5DC59DF1C20593E003BD79B /* Cache-iOS */ = {
			isa = PBXNativeTarget;
			buildConfigurationList = D5DC59F41C20593E003BD79B /* Build configuration list for PBXNativeTarget "Cache-iOS" */;
			buildPhases = (
				D5DC59DB1C20593E003BD79B /* Sources */,
				D5DC59DC1C20593E003BD79B /* Frameworks */,
				D5DC59DD1C20593E003BD79B /* Headers */,
				D5DC59DE1C20593E003BD79B /* Resources */,
				BD58C3AD1CF2E9FD003F7141 /* ShellScript */,
			);
			buildRules = (
			);
			dependencies = (
			);
			name = "Cache-iOS";
			productName = Cache;
			productReference = D5DC59E01C20593E003BD79B /* Cache.framework */;
			productType = "com.apple.product-type.framework";
		};
/* End PBXNativeTarget section */

/* Begin PBXProject section */
		D5DC59D71C20593E003BD79B /* Project object */ = {
			isa = PBXProject;
			attributes = {
				LastSwiftUpdateCheck = 0720;
				LastUpgradeCheck = 0720;
				ORGANIZATIONNAME = "Hyper Interaktiv AS";
				TargetAttributes = {
					D5291D171C2837DB00B702C9 = {
						CreatedOnToolsVersion = 7.2;
						LastSwiftMigration = 0800;
					};
					D5291D5F1C283B5300B702C9 = {
						CreatedOnToolsVersion = 7.2;
					};
					D5291D681C283B5400B702C9 = {
						CreatedOnToolsVersion = 7.2;
					};
					D5DC59DF1C20593E003BD79B = {
						CreatedOnToolsVersion = 7.2;
						LastSwiftMigration = 0800;
					};
				};
			};
			buildConfigurationList = D5DC59DA1C20593E003BD79B /* Build configuration list for PBXProject "Cache" */;
			compatibilityVersion = "Xcode 3.2";
			developmentRegion = English;
			hasScannedForEncodings = 0;
			knownRegions = (
				en,
			);
			mainGroup = D5DC59D61C20593E003BD79B;
			productRefGroup = D5DC59E11C20593E003BD79B /* Products */;
			projectDirPath = "";
			projectRoot = "";
			targets = (
				D5DC59DF1C20593E003BD79B /* Cache-iOS */,
				D5291D171C2837DB00B702C9 /* Cache-iOS-Tests */,
				D5291D5F1C283B5300B702C9 /* Cache-Mac */,
				D5291D681C283B5400B702C9 /* Cache-Mac-Tests */,
			);
		};
/* End PBXProject section */

/* Begin PBXResourcesBuildPhase section */
		D5291D161C2837DB00B702C9 /* Resources */ = {
			isa = PBXResourcesBuildPhase;
			buildActionMask = 2147483647;
			files = (
			);
			runOnlyForDeploymentPostprocessing = 0;
		};
		D5291D5E1C283B5300B702C9 /* Resources */ = {
			isa = PBXResourcesBuildPhase;
			buildActionMask = 2147483647;
			files = (
			);
			runOnlyForDeploymentPostprocessing = 0;
		};
		D5291D671C283B5400B702C9 /* Resources */ = {
			isa = PBXResourcesBuildPhase;
			buildActionMask = 2147483647;
			files = (
			);
			runOnlyForDeploymentPostprocessing = 0;
		};
		D5DC59DE1C20593E003BD79B /* Resources */ = {
			isa = PBXResourcesBuildPhase;
			buildActionMask = 2147483647;
			files = (
			);
			runOnlyForDeploymentPostprocessing = 0;
		};
/* End PBXResourcesBuildPhase section */

/* Begin PBXShellScriptBuildPhase section */
		BD58C3AD1CF2E9FD003F7141 /* ShellScript */ = {
			isa = PBXShellScriptBuildPhase;
			buildActionMask = 2147483647;
			files = (
			);
			inputPaths = (
			);
			outputPaths = (
			);
			runOnlyForDeploymentPostprocessing = 0;
			shellPath = /bin/sh;
			shellScript = "if which swiftlint >/dev/null; then\n  swiftlint\nelse\n  echo \"warning: SwiftLint not installed, download from https://github.com/realm/SwiftLint\"\nfi";
		};
		BD58C3AE1CF2EA04003F7141 /* ShellScript */ = {
			isa = PBXShellScriptBuildPhase;
			buildActionMask = 2147483647;
			files = (
			);
			inputPaths = (
			);
			outputPaths = (
			);
			runOnlyForDeploymentPostprocessing = 0;
			shellPath = /bin/sh;
			shellScript = "if which swiftlint >/dev/null; then\n  swiftlint\nelse\n  echo \"warning: SwiftLint not installed, download from https://github.com/realm/SwiftLint\"\nfi\n";
		};
		D5291D591C283AA700B702C9 /* ShellScript */ = {
			isa = PBXShellScriptBuildPhase;
			buildActionMask = 2147483647;
			files = (
			);
			inputPaths = (
				"$(SRCROOT)/Carthage/Build/iOS/Quick.framework",
				"$(SRCROOT)/Carthage/Build/iOS/Nimble.framework",
				"$(SRCROOT)/Carthage/Build/iOS/CryptoSwift.framework",
			);
			outputPaths = (
			);
			runOnlyForDeploymentPostprocessing = 0;
			shellPath = /bin/sh;
			shellScript = "/usr/local/bin/carthage copy-frameworks";
		};
		D5291D9F1C283ECD00B702C9 /* ShellScript */ = {
			isa = PBXShellScriptBuildPhase;
			buildActionMask = 2147483647;
			files = (
			);
			inputPaths = (
				"$(SRCROOT)/Carthage/Build/Mac/Quick.framework",
				"$(SRCROOT)/Carthage/Build/Mac/Nimble.framework",
				"$(SRCROOT)/Carthage/Build/Mac/CryptoSwift.framework",
			);
			outputPaths = (
			);
			runOnlyForDeploymentPostprocessing = 0;
			shellPath = /bin/sh;
			shellScript = "/usr/local/bin/carthage copy-frameworks";
		};
		D5BAEBF41CD1F4D30003E865 /* ShellScript */ = {
			isa = PBXShellScriptBuildPhase;
			buildActionMask = 2147483647;
			files = (
			);
			inputPaths = (
				"$(SRCROOT)/Carthage/Build/Mac/CryptoSwift.framework",
			);
			outputPaths = (
			);
			runOnlyForDeploymentPostprocessing = 0;
			shellPath = /bin/sh;
			shellScript = "/usr/local/bin/carthage copy-frameworks";
		};
/* End PBXShellScriptBuildPhase section */

/* Begin PBXSourcesBuildPhase section */
		D5291D141C2837DB00B702C9 /* Sources */ = {
			isa = PBXSourcesBuildPhase;
			buildActionMask = 2147483647;
			files = (
				D5291D351C28389B00B702C9 /* SpecHelper.swift in Sources */,
				D5291D371C28389B00B702C9 /* CacheSpec.swift in Sources */,
				D5291D441C28389B00B702C9 /* StorageFactorySpec.swift in Sources */,
				D5291D391C28389B00B702C9 /* CapsuleSpec.swift in Sources */,
				D5291D361C28389B00B702C9 /* User.swift in Sources */,
				D5291D3E1C28389B00B702C9 /* NSData+CacheSpec.swift in Sources */,
				D5291D3F1C28389B00B702C9 /* NSDate+CacheSpec.swift in Sources */,
				D5291D3C1C28389B00B702C9 /* StorageKindSpec.swift in Sources */,
				D5291D3A1C28389B00B702C9 /* ExpirySpec.swift in Sources */,
				D5291D3B1C28389B00B702C9 /* JSONSpec.swift in Sources */,
				D5291DA11C28405900B702C9 /* UIImage+CacheTests.swift in Sources */,
				D5291D381C28389B00B702C9 /* ConfigSpec.swift in Sources */,
				D5291D431C28389B00B702C9 /* MemoryStorageSpec.swift in Sources */,
				D5ACACD11CD0228400567809 /* SyncCacheSpec.swift in Sources */,
				D5ACACD51CD0256700567809 /* SyncHybridCacheSpec.swift in Sources */,
				D5291D401C28389B00B702C9 /* String+CacheSpec.swift in Sources */,
				D5291D9A1C283DB300B702C9 /* UIImage+CacheSpec.swift in Sources */,
				D5291D411C28389B00B702C9 /* DefaultCacheConverterSpec.swift in Sources */,
				D5291D3D1C28389B00B702C9 /* JSON+CacheSpec.swift in Sources */,
				D5291D421C28389B00B702C9 /* DiskStorageSpec.swift in Sources */,
			);
			runOnlyForDeploymentPostprocessing = 0;
		};
		D5291D5B1C283B5300B702C9 /* Sources */ = {
			isa = PBXSourcesBuildPhase;
			buildActionMask = 2147483647;
			files = (
				D5291D941C283CFB00B702C9 /* MemoryStorage.swift in Sources */,
				D5291D921C283CFB00B702C9 /* DefaultCacheConverter.swift in Sources */,
				D5ACACCA1CD01F3400567809 /* SyncCache.swift in Sources */,
				D5291D8B1C283CFB00B702C9 /* Expiry.swift in Sources */,
				D5ACACDF1CD0272600567809 /* Cache.swift in Sources */,
				D5291D891C283CFB00B702C9 /* Cachable.swift in Sources */,
				D5291D961C283CFB00B702C9 /* StorageFactory.swift in Sources */,
				D5291D7E1C283BF200B702C9 /* HybridCache.swift in Sources */,
				D5291D8C1C283CFB00B702C9 /* JSON.swift in Sources */,
				D5291D8E1C283CFB00B702C9 /* JSON+Cache.swift in Sources */,
				D5291D8A1C283CFB00B702C9 /* Capsule.swift in Sources */,
				D5291D7D1C283BF200B702C9 /* NSImage+Cache.swift in Sources */,
				D5291D881C283CFB00B702C9 /* Config.swift in Sources */,
				D5291D951C283CFB00B702C9 /* StorageAware.swift in Sources */,
				D5291D911C283CFB00B702C9 /* String+Cache.swift in Sources */,
				D5291D901C283CFB00B702C9 /* NSDate+Cache.swift in Sources */,
				D5291D931C283CFB00B702C9 /* DiskStorage.swift in Sources */,
				D5291D861C283CFB00B702C9 /* BasicHybridCache.swift in Sources */,
				D5ACACCD1CD0207300567809 /* SyncHybridCache.swift in Sources */,
				D5291D8D1C283CFB00B702C9 /* StorageKind.swift in Sources */,
				D5291D8F1C283CFB00B702C9 /* NSData+Cache.swift in Sources */,
			);
			runOnlyForDeploymentPostprocessing = 0;
		};
		D5291D651C283B5400B702C9 /* Sources */ = {
			isa = PBXSourcesBuildPhase;
			buildActionMask = 2147483647;
			files = (
				D5291D9C1C283DD900B702C9 /* NSImage+CacheSpec.swift in Sources */,
				D5291D851C283C7C00B702C9 /* SpecHelper+OSX.swift in Sources */,
				D5291DA31C2841D200B702C9 /* NSImage+CacheTests.swift in Sources */,
			);
			runOnlyForDeploymentPostprocessing = 0;
		};
		D5DC59DB1C20593E003BD79B /* Sources */ = {
			isa = PBXSourcesBuildPhase;
			buildActionMask = 2147483647;
			files = (
				D5291C2E1C28220B00B702C9 /* Cachable.swift in Sources */,
				D5291C311C28220B00B702C9 /* JSON.swift in Sources */,
				D5ACACC91CD01F3400567809 /* SyncCache.swift in Sources */,
				D5291C361C28220B00B702C9 /* String+Cache.swift in Sources */,
				D5ACACDE1CD0272600567809 /* Cache.swift in Sources */,
				D5291C341C28220B00B702C9 /* NSData+Cache.swift in Sources */,
				D5291C3A1C28220B00B702C9 /* StorageAware.swift in Sources */,
				D5291C381C28220B00B702C9 /* DiskStorage.swift in Sources */,
				D5291C391C28220B00B702C9 /* MemoryStorage.swift in Sources */,
				D5291C3B1C28220B00B702C9 /* StorageFactory.swift in Sources */,
				D5291C291C28220B00B702C9 /* UIImage+Cache.swift in Sources */,
				D5291C351C28220B00B702C9 /* NSDate+Cache.swift in Sources */,
				D5291C371C28220B00B702C9 /* DefaultCacheConverter.swift in Sources */,
				D5291C321C28220B00B702C9 /* StorageKind.swift in Sources */,
				D5291C301C28220B00B702C9 /* Expiry.swift in Sources */,
				D5291C331C28220B00B702C9 /* JSON+Cache.swift in Sources */,
				D5291C2F1C28220B00B702C9 /* Capsule.swift in Sources */,
				D5291C2D1C28220B00B702C9 /* Config.swift in Sources */,
				D5ACACCC1CD0207300567809 /* SyncHybridCache.swift in Sources */,
				D5291C6C1C2827FB00B702C9 /* BasicHybridCache.swift in Sources */,
				D5291C731C28296B00B702C9 /* HybridCache.swift in Sources */,
			);
			runOnlyForDeploymentPostprocessing = 0;
		};
/* End PBXSourcesBuildPhase section */

/* Begin PBXTargetDependency section */
		D5291D1F1C2837DB00B702C9 /* PBXTargetDependency */ = {
			isa = PBXTargetDependency;
			target = D5DC59DF1C20593E003BD79B /* Cache-iOS */;
			targetProxy = D5291D1E1C2837DB00B702C9 /* PBXContainerItemProxy */;
		};
		D5291D6C1C283B5400B702C9 /* PBXTargetDependency */ = {
			isa = PBXTargetDependency;
			target = D5291D5F1C283B5300B702C9 /* Cache-Mac */;
			targetProxy = D5291D6B1C283B5400B702C9 /* PBXContainerItemProxy */;
		};
/* End PBXTargetDependency section */

/* Begin XCBuildConfiguration section */
		D5291D211C2837DB00B702C9 /* Debug */ = {
			isa = XCBuildConfiguration;
			buildSettings = {
				FRAMEWORK_SEARCH_PATHS = (
					"$(inherited)",
					"$(PROJECT_DIR)/Carthage/Build/iOS",
				);
				INFOPLIST_FILE = "$(SRCROOT)/Tests/iOS/Info.plist";
				LD_RUNPATH_SEARCH_PATHS = "$(inherited) @executable_path/Frameworks @loader_path/Frameworks";
				PRODUCT_BUNDLE_IDENTIFIER = "no.hyper.Cache-iOS-Tests";
				PRODUCT_NAME = "$(TARGET_NAME)";
				SWIFT_VERSION = 2.3;
			};
			name = Debug;
		};
		D5291D221C2837DB00B702C9 /* Release */ = {
			isa = XCBuildConfiguration;
			buildSettings = {
				FRAMEWORK_SEARCH_PATHS = (
					"$(inherited)",
					"$(PROJECT_DIR)/Carthage/Build/iOS",
				);
				INFOPLIST_FILE = "$(SRCROOT)/Tests/iOS/Info.plist";
				LD_RUNPATH_SEARCH_PATHS = "$(inherited) @executable_path/Frameworks @loader_path/Frameworks";
				PRODUCT_BUNDLE_IDENTIFIER = "no.hyper.Cache-iOS-Tests";
				PRODUCT_NAME = "$(TARGET_NAME)";
				SWIFT_VERSION = 2.3;
			};
			name = Release;
		};
		D5291D721C283B5400B702C9 /* Debug */ = {
			isa = XCBuildConfiguration;
			buildSettings = {
				CODE_SIGN_IDENTITY = "";
				COMBINE_HIDPI_IMAGES = YES;
				DEFINES_MODULE = YES;
				DYLIB_COMPATIBILITY_VERSION = 1;
				DYLIB_CURRENT_VERSION = 1;
				DYLIB_INSTALL_NAME_BASE = "@rpath";
				FRAMEWORK_SEARCH_PATHS = (
					"$(inherited)",
					"$(PROJECT_DIR)/Carthage/Build/Mac",
				);
				FRAMEWORK_VERSION = A;
				INFOPLIST_FILE = "$(SRCROOT)/SupportFiles/Mac/Info.plist";
				INSTALL_PATH = "$(LOCAL_LIBRARY_DIR)/Frameworks";
				LD_RUNPATH_SEARCH_PATHS = "$(inherited) @executable_path/../Frameworks @loader_path/Frameworks";
				MACOSX_DEPLOYMENT_TARGET = 10.11;
				PRODUCT_BUNDLE_IDENTIFIER = "no.hyper.Cache-Mac";
				PRODUCT_NAME = Cache;
				SDKROOT = macosx;
				SKIP_INSTALL = YES;
				SWIFT_VERSION = 2.3;
			};
			name = Debug;
		};
		D5291D731C283B5400B702C9 /* Release */ = {
			isa = XCBuildConfiguration;
			buildSettings = {
				CODE_SIGN_IDENTITY = "";
				COMBINE_HIDPI_IMAGES = YES;
				DEFINES_MODULE = YES;
				DYLIB_COMPATIBILITY_VERSION = 1;
				DYLIB_CURRENT_VERSION = 1;
				DYLIB_INSTALL_NAME_BASE = "@rpath";
				FRAMEWORK_SEARCH_PATHS = (
					"$(inherited)",
					"$(PROJECT_DIR)/Carthage/Build/Mac",
				);
				FRAMEWORK_VERSION = A;
				INFOPLIST_FILE = "$(SRCROOT)/SupportFiles/Mac/Info.plist";
				INSTALL_PATH = "$(LOCAL_LIBRARY_DIR)/Frameworks";
				LD_RUNPATH_SEARCH_PATHS = "$(inherited) @executable_path/../Frameworks @loader_path/Frameworks";
				MACOSX_DEPLOYMENT_TARGET = 10.11;
				PRODUCT_BUNDLE_IDENTIFIER = "no.hyper.Cache-Mac";
				PRODUCT_NAME = Cache;
				SDKROOT = macosx;
				SKIP_INSTALL = YES;
				SWIFT_VERSION = 2.3;
			};
			name = Release;
		};
		D5291D751C283B5400B702C9 /* Debug */ = {
			isa = XCBuildConfiguration;
			buildSettings = {
				CODE_SIGN_IDENTITY = "-";
				COMBINE_HIDPI_IMAGES = YES;
				FRAMEWORK_SEARCH_PATHS = (
					"$(inherited)",
					"$(PROJECT_DIR)/Carthage/Build/Mac",
				);
				INFOPLIST_FILE = "$(SRCROOT)/Tests/Mac/Info.plist";
				LD_RUNPATH_SEARCH_PATHS = "$(inherited) @executable_path/../Frameworks @loader_path/../Frameworks";
				MACOSX_DEPLOYMENT_TARGET = 10.11;
				PRODUCT_BUNDLE_IDENTIFIER = "no.hyper.Cache-MacTests";
				PRODUCT_NAME = "$(TARGET_NAME)";
				SDKROOT = macosx;
				SWIFT_VERSION = 2.3;
			};
			name = Debug;
		};
		D5291D761C283B5400B702C9 /* Release */ = {
			isa = XCBuildConfiguration;
			buildSettings = {
				CODE_SIGN_IDENTITY = "-";
				COMBINE_HIDPI_IMAGES = YES;
				FRAMEWORK_SEARCH_PATHS = (
					"$(inherited)",
					"$(PROJECT_DIR)/Carthage/Build/Mac",
				);
				INFOPLIST_FILE = "$(SRCROOT)/Tests/Mac/Info.plist";
				LD_RUNPATH_SEARCH_PATHS = "$(inherited) @executable_path/../Frameworks @loader_path/../Frameworks";
				MACOSX_DEPLOYMENT_TARGET = 10.11;
				PRODUCT_BUNDLE_IDENTIFIER = "no.hyper.Cache-MacTests";
				PRODUCT_NAME = "$(TARGET_NAME)";
				SDKROOT = macosx;
				SWIFT_VERSION = 2.3;
			};
			name = Release;
		};
		D5DC59F21C20593E003BD79B /* Debug */ = {
			isa = XCBuildConfiguration;
			buildSettings = {
				ALWAYS_SEARCH_USER_PATHS = NO;
				CLANG_CXX_LANGUAGE_STANDARD = "gnu++0x";
				CLANG_CXX_LIBRARY = "libc++";
				CLANG_ENABLE_MODULES = YES;
				CLANG_ENABLE_OBJC_ARC = YES;
				CLANG_WARN_BOOL_CONVERSION = YES;
				CLANG_WARN_CONSTANT_CONVERSION = YES;
				CLANG_WARN_DIRECT_OBJC_ISA_USAGE = YES_ERROR;
				CLANG_WARN_EMPTY_BODY = YES;
				CLANG_WARN_ENUM_CONVERSION = YES;
				CLANG_WARN_INT_CONVERSION = YES;
				CLANG_WARN_OBJC_ROOT_CLASS = YES_ERROR;
				CLANG_WARN_UNREACHABLE_CODE = YES;
				CLANG_WARN__DUPLICATE_METHOD_MATCH = YES;
				"CODE_SIGN_IDENTITY[sdk=iphoneos*]" = "iPhone Developer";
				COPY_PHASE_STRIP = NO;
				CURRENT_PROJECT_VERSION = 1;
				DEBUG_INFORMATION_FORMAT = dwarf;
				ENABLE_STRICT_OBJC_MSGSEND = YES;
				ENABLE_TESTABILITY = YES;
				GCC_C_LANGUAGE_STANDARD = gnu99;
				GCC_DYNAMIC_NO_PIC = NO;
				GCC_NO_COMMON_BLOCKS = YES;
				GCC_OPTIMIZATION_LEVEL = 0;
				GCC_PREPROCESSOR_DEFINITIONS = (
					"DEBUG=1",
					"$(inherited)",
				);
				GCC_WARN_64_TO_32_BIT_CONVERSION = YES;
				GCC_WARN_ABOUT_RETURN_TYPE = YES_ERROR;
				GCC_WARN_UNDECLARED_SELECTOR = YES;
				GCC_WARN_UNINITIALIZED_AUTOS = YES_AGGRESSIVE;
				GCC_WARN_UNUSED_FUNCTION = YES;
				GCC_WARN_UNUSED_VARIABLE = YES;
				IPHONEOS_DEPLOYMENT_TARGET = 9.2;
				MTL_ENABLE_DEBUG_INFO = YES;
				ONLY_ACTIVE_ARCH = YES;
				SDKROOT = iphoneos;
				SWIFT_OPTIMIZATION_LEVEL = "-Onone";
				TARGETED_DEVICE_FAMILY = "1,2";
				VERSIONING_SYSTEM = "apple-generic";
				VERSION_INFO_PREFIX = "";
			};
			name = Debug;
		};
		D5DC59F31C20593E003BD79B /* Release */ = {
			isa = XCBuildConfiguration;
			buildSettings = {
				ALWAYS_SEARCH_USER_PATHS = NO;
				CLANG_CXX_LANGUAGE_STANDARD = "gnu++0x";
				CLANG_CXX_LIBRARY = "libc++";
				CLANG_ENABLE_MODULES = YES;
				CLANG_ENABLE_OBJC_ARC = YES;
				CLANG_WARN_BOOL_CONVERSION = YES;
				CLANG_WARN_CONSTANT_CONVERSION = YES;
				CLANG_WARN_DIRECT_OBJC_ISA_USAGE = YES_ERROR;
				CLANG_WARN_EMPTY_BODY = YES;
				CLANG_WARN_ENUM_CONVERSION = YES;
				CLANG_WARN_INT_CONVERSION = YES;
				CLANG_WARN_OBJC_ROOT_CLASS = YES_ERROR;
				CLANG_WARN_UNREACHABLE_CODE = YES;
				CLANG_WARN__DUPLICATE_METHOD_MATCH = YES;
				"CODE_SIGN_IDENTITY[sdk=iphoneos*]" = "iPhone Developer";
				COPY_PHASE_STRIP = NO;
				CURRENT_PROJECT_VERSION = 1;
				DEBUG_INFORMATION_FORMAT = "dwarf-with-dsym";
				ENABLE_NS_ASSERTIONS = NO;
				ENABLE_STRICT_OBJC_MSGSEND = YES;
				GCC_C_LANGUAGE_STANDARD = gnu99;
				GCC_NO_COMMON_BLOCKS = YES;
				GCC_WARN_64_TO_32_BIT_CONVERSION = YES;
				GCC_WARN_ABOUT_RETURN_TYPE = YES_ERROR;
				GCC_WARN_UNDECLARED_SELECTOR = YES;
				GCC_WARN_UNINITIALIZED_AUTOS = YES_AGGRESSIVE;
				GCC_WARN_UNUSED_FUNCTION = YES;
				GCC_WARN_UNUSED_VARIABLE = YES;
				IPHONEOS_DEPLOYMENT_TARGET = 9.2;
				MTL_ENABLE_DEBUG_INFO = NO;
				SDKROOT = iphoneos;
				TARGETED_DEVICE_FAMILY = "1,2";
				VALIDATE_PRODUCT = YES;
				VERSIONING_SYSTEM = "apple-generic";
				VERSION_INFO_PREFIX = "";
			};
			name = Release;
		};
		D5DC59F51C20593E003BD79B /* Debug */ = {
			isa = XCBuildConfiguration;
			buildSettings = {
				DEFINES_MODULE = YES;
				DYLIB_COMPATIBILITY_VERSION = 1;
				DYLIB_CURRENT_VERSION = 1;
				DYLIB_INSTALL_NAME_BASE = "@rpath";
				FRAMEWORK_SEARCH_PATHS = (
					"$(inherited)",
					"$(PROJECT_DIR)/Carthage/Build/iOS",
					"$(PROJECT_DIR)/Carthage/Build/Mac",
				);
				INFOPLIST_FILE = "$(SRCROOT)/SupportFiles/iOS/Info.plist";
				INSTALL_PATH = "$(LOCAL_LIBRARY_DIR)/Frameworks";
				IPHONEOS_DEPLOYMENT_TARGET = 8.0;
				LD_RUNPATH_SEARCH_PATHS = "$(inherited) @executable_path/Frameworks @loader_path/Frameworks";
				PRODUCT_BUNDLE_IDENTIFIER = no.hyper.Cache;
				PRODUCT_NAME = Cache;
				SKIP_INSTALL = YES;
				SWIFT_VERSION = 2.3;
			};
			name = Debug;
		};
		D5DC59F61C20593E003BD79B /* Release */ = {
			isa = XCBuildConfiguration;
			buildSettings = {
				DEFINES_MODULE = YES;
				DYLIB_COMPATIBILITY_VERSION = 1;
				DYLIB_CURRENT_VERSION = 1;
				DYLIB_INSTALL_NAME_BASE = "@rpath";
				FRAMEWORK_SEARCH_PATHS = (
					"$(inherited)",
					"$(PROJECT_DIR)/Carthage/Build/iOS",
					"$(PROJECT_DIR)/Carthage/Build/Mac",
				);
				INFOPLIST_FILE = "$(SRCROOT)/SupportFiles/iOS/Info.plist";
				INSTALL_PATH = "$(LOCAL_LIBRARY_DIR)/Frameworks";
				IPHONEOS_DEPLOYMENT_TARGET = 8.0;
				LD_RUNPATH_SEARCH_PATHS = "$(inherited) @executable_path/Frameworks @loader_path/Frameworks";
				PRODUCT_BUNDLE_IDENTIFIER = no.hyper.Cache;
				PRODUCT_NAME = Cache;
				SKIP_INSTALL = YES;
				SWIFT_VERSION = 2.3;
			};
			name = Release;
		};
/* End XCBuildConfiguration section */

/* Begin XCConfigurationList section */
		D5291D201C2837DB00B702C9 /* Build configuration list for PBXNativeTarget "Cache-iOS-Tests" */ = {
			isa = XCConfigurationList;
			buildConfigurations = (
				D5291D211C2837DB00B702C9 /* Debug */,
				D5291D221C2837DB00B702C9 /* Release */,
			);
			defaultConfigurationIsVisible = 0;
			defaultConfigurationName = Release;
		};
		D5291D711C283B5400B702C9 /* Build configuration list for PBXNativeTarget "Cache-Mac" */ = {
			isa = XCConfigurationList;
			buildConfigurations = (
				D5291D721C283B5400B702C9 /* Debug */,
				D5291D731C283B5400B702C9 /* Release */,
			);
			defaultConfigurationIsVisible = 0;
			defaultConfigurationName = Release;
		};
		D5291D741C283B5400B702C9 /* Build configuration list for PBXNativeTarget "Cache-Mac-Tests" */ = {
			isa = XCConfigurationList;
			buildConfigurations = (
				D5291D751C283B5400B702C9 /* Debug */,
				D5291D761C283B5400B702C9 /* Release */,
			);
			defaultConfigurationIsVisible = 0;
			defaultConfigurationName = Release;
		};
		D5DC59DA1C20593E003BD79B /* Build configuration list for PBXProject "Cache" */ = {
			isa = XCConfigurationList;
			buildConfigurations = (
				D5DC59F21C20593E003BD79B /* Debug */,
				D5DC59F31C20593E003BD79B /* Release */,
			);
			defaultConfigurationIsVisible = 0;
			defaultConfigurationName = Release;
		};
		D5DC59F41C20593E003BD79B /* Build configuration list for PBXNativeTarget "Cache-iOS" */ = {
			isa = XCConfigurationList;
			buildConfigurations = (
				D5DC59F51C20593E003BD79B /* Debug */,
				D5DC59F61C20593E003BD79B /* Release */,
			);
			defaultConfigurationIsVisible = 0;
			defaultConfigurationName = Release;
		};
/* End XCConfigurationList section */
	};
	rootObject = D5DC59D71C20593E003BD79B /* Project object */;
}
