// !$*UTF8*$!
{
	archiveVersion = 1;
	classes = {
	};
	objectVersion = 46;
	objects = {

/* Begin PBXBuildFile section */
		D52199F31BF51D03009D44DF /* Capsule.swift in Sources */ = {isa = PBXBuildFile; fileRef = D52199F01BF51D03009D44DF /* Capsule.swift */; };
		D52199F41BF51D03009D44DF /* Expiry.swift in Sources */ = {isa = PBXBuildFile; fileRef = D52199F11BF51D03009D44DF /* Expiry.swift */; };
		D52199F51BF51D03009D44DF /* Cachable.swift in Sources */ = {isa = PBXBuildFile; fileRef = D52199F21BF51D03009D44DF /* Cachable.swift */; };
		D52199FF1BF53FA8009D44DF /* DefaultCacheConverter.swift in Sources */ = {isa = PBXBuildFile; fileRef = D52199FE1BF53FA8009D44DF /* DefaultCacheConverter.swift */; };
		D5219A011BF5502E009D44DF /* NSDate+Cache.swift in Sources */ = {isa = PBXBuildFile; fileRef = D5219A001BF5502E009D44DF /* NSDate+Cache.swift */; };
		D5219A031BF557DC009D44DF /* NSDate+CacheSpec.swift in Sources */ = {isa = PBXBuildFile; fileRef = D5219A021BF557DC009D44DF /* NSDate+CacheSpec.swift */; };
		D5219A061BF55AAB009D44DF /* CapsuleSpec.swift in Sources */ = {isa = PBXBuildFile; fileRef = D5219A051BF55AAB009D44DF /* CapsuleSpec.swift */; };
		D5219A081BF55BD7009D44DF /* ExpirySpec.swift in Sources */ = {isa = PBXBuildFile; fileRef = D5219A071BF55BD7009D44DF /* ExpirySpec.swift */; };
		D5219A0B1BF55E63009D44DF /* DefaultCacheConverterSpec.swift in Sources */ = {isa = PBXBuildFile; fileRef = D5219A0A1BF55E63009D44DF /* DefaultCacheConverterSpec.swift */; };
		D5219A1A1BF62371009D44DF /* CacheTask.swift in Sources */ = {isa = PBXBuildFile; fileRef = D5219A191BF62371009D44DF /* CacheTask.swift */; };
		D5219A211BF6240D009D44DF /* CacheTaskSpec.swift in Sources */ = {isa = PBXBuildFile; fileRef = D5219A201BF6240D009D44DF /* CacheTaskSpec.swift */; };
		D5219A231BF625CA009D44DF /* Config.swift in Sources */ = {isa = PBXBuildFile; fileRef = D5219A221BF625CA009D44DF /* Config.swift */; };
		D5219A291BF66BD9009D44DF /* StorageKind.swift in Sources */ = {isa = PBXBuildFile; fileRef = D5219A281BF66BD9009D44DF /* StorageKind.swift */; };
		D5219A2B1BF66C0A009D44DF /* StorageKindSpec.swift in Sources */ = {isa = PBXBuildFile; fileRef = D5219A2A1BF66C0A009D44DF /* StorageKindSpec.swift */; };
		D5219A2D1BF66CDC009D44DF /* ConfigSpec.swift in Sources */ = {isa = PBXBuildFile; fileRef = D5219A2C1BF66CDC009D44DF /* ConfigSpec.swift */; };
		D5219A2F1BF66E8E009D44DF /* CacheSpec.swift in Sources */ = {isa = PBXBuildFile; fileRef = D5219A2E1BF66E8E009D44DF /* CacheSpec.swift */; };
		D538305C1BFA1BE600F43D58 /* StorageAware.swift in Sources */ = {isa = PBXBuildFile; fileRef = D53830571BFA1BE600F43D58 /* StorageAware.swift */; };
		D538305D1BFA1BE600F43D58 /* StorageFactory.swift in Sources */ = {isa = PBXBuildFile; fileRef = D53830581BFA1BE600F43D58 /* StorageFactory.swift */; };
		D538305E1BFA1BE600F43D58 /* DiskStorage.swift in Sources */ = {isa = PBXBuildFile; fileRef = D53830591BFA1BE600F43D58 /* DiskStorage.swift */; };
		D538305F1BFA1BE600F43D58 /* MemoryStorage.swift in Sources */ = {isa = PBXBuildFile; fileRef = D538305A1BFA1BE600F43D58 /* MemoryStorage.swift */; };
		D53830631BFA245900F43D58 /* Cache.swift in Sources */ = {isa = PBXBuildFile; fileRef = D53830621BFA245900F43D58 /* Cache.swift */; };
		D53830681BFA29E100F43D58 /* DiskStorageSpec.swift in Sources */ = {isa = PBXBuildFile; fileRef = D53830651BFA29E100F43D58 /* DiskStorageSpec.swift */; };
		D53830691BFA29E100F43D58 /* MemoryStorageSpec.swift in Sources */ = {isa = PBXBuildFile; fileRef = D53830661BFA29E100F43D58 /* MemoryStorageSpec.swift */; };
		D538306A1BFA29E100F43D58 /* StorageFactorySpec.swift in Sources */ = {isa = PBXBuildFile; fileRef = D53830671BFA29E100F43D58 /* StorageFactorySpec.swift */; };
		D5684E861BFA33AA00488B96 /* HybridCache.swift in Sources */ = {isa = PBXBuildFile; fileRef = D5684E851BFA33AA00488B96 /* HybridCache.swift */; };
		D5704C531BC84DAA0089F388 /* String+Cache.swift in Sources */ = {isa = PBXBuildFile; fileRef = D5704C521BC84DAA0089F388 /* String+Cache.swift */; };
		D5CD0F731BCAE5F6004C0B32 /* SpecHelper.swift in Sources */ = {isa = PBXBuildFile; fileRef = D5CD0F721BCAE5F6004C0B32 /* SpecHelper.swift */; };
		D5EA236B1BD5C21200FEABC3 /* String+CacheSpec.swift in Sources */ = {isa = PBXBuildFile; fileRef = D5EA236A1BD5C21200FEABC3 /* String+CacheSpec.swift */; };
		FB2C6582457B37B5F79DBC36 /* Pods.framework in Frameworks */ = {isa = PBXBuildFile; fileRef = 894692FFFEE3D6AC1422C867 /* Pods.framework */; };
/* End PBXBuildFile section */

/* Begin PBXFileReference section */
		146D72AC1AB782920058798C /* Tests.xctest */ = {isa = PBXFileReference; explicitFileType = wrapper.cfbundle; includeInIndex = 0; path = Tests.xctest; sourceTree = BUILT_PRODUCTS_DIR; };
		146D72B11AB782920058798C /* Info.plist */ = {isa = PBXFileReference; lastKnownFileType = text.plist.xml; path = Info.plist; sourceTree = "<group>"; };
		14C136511AB784B200B7B07A /* .travis.yml */ = {isa = PBXFileReference; fileEncoding = 4; lastKnownFileType = text; name = .travis.yml; path = ../.travis.yml; sourceTree = "<group>"; };
		14C136521AB784B200B7B07A /* CONTRIBUTING.md */ = {isa = PBXFileReference; fileEncoding = 4; lastKnownFileType = net.daringfireball.markdown; name = CONTRIBUTING.md; path = ../CONTRIBUTING.md; sourceTree = "<group>"; };
		14C136541AB784B200B7B07A /* LICENSE.md */ = {isa = PBXFileReference; fileEncoding = 4; lastKnownFileType = net.daringfireball.markdown; name = LICENSE.md; path = ../LICENSE.md; sourceTree = "<group>"; };
		14C136551AB784B200B7B07A /* README.md */ = {isa = PBXFileReference; fileEncoding = 4; lastKnownFileType = net.daringfireball.markdown; name = README.md; path = ../README.md; sourceTree = "<group>"; };
		19690E256D6AE4D5C44048DC /* Pods.debug.xcconfig */ = {isa = PBXFileReference; includeInIndex = 1; lastKnownFileType = text.xcconfig; name = Pods.debug.xcconfig; path = "Pods/Target Support Files/Pods/Pods.debug.xcconfig"; sourceTree = "<group>"; };
		2162049FAFBE0ABE9112787F /* Pods.release.xcconfig */ = {isa = PBXFileReference; includeInIndex = 1; lastKnownFileType = text.xcconfig; name = Pods.release.xcconfig; path = "Pods/Target Support Files/Pods/Pods.release.xcconfig"; sourceTree = "<group>"; };
		894692FFFEE3D6AC1422C867 /* Pods.framework */ = {isa = PBXFileReference; explicitFileType = wrapper.framework; includeInIndex = 0; path = Pods.framework; sourceTree = BUILT_PRODUCTS_DIR; };
		D52199F01BF51D03009D44DF /* Capsule.swift */ = {isa = PBXFileReference; fileEncoding = 4; lastKnownFileType = sourcecode.swift; path = Capsule.swift; sourceTree = "<group>"; };
		D52199F11BF51D03009D44DF /* Expiry.swift */ = {isa = PBXFileReference; fileEncoding = 4; lastKnownFileType = sourcecode.swift; path = Expiry.swift; sourceTree = "<group>"; };
		D52199F21BF51D03009D44DF /* Cachable.swift */ = {isa = PBXFileReference; fileEncoding = 4; lastKnownFileType = sourcecode.swift; path = Cachable.swift; sourceTree = "<group>"; };
		D52199FE1BF53FA8009D44DF /* DefaultCacheConverter.swift */ = {isa = PBXFileReference; fileEncoding = 4; lastKnownFileType = sourcecode.swift; path = DefaultCacheConverter.swift; sourceTree = "<group>"; };
		D5219A001BF5502E009D44DF /* NSDate+Cache.swift */ = {isa = PBXFileReference; fileEncoding = 4; lastKnownFileType = sourcecode.swift; path = "NSDate+Cache.swift"; sourceTree = "<group>"; };
		D5219A021BF557DC009D44DF /* NSDate+CacheSpec.swift */ = {isa = PBXFileReference; fileEncoding = 4; lastKnownFileType = sourcecode.swift; path = "NSDate+CacheSpec.swift"; sourceTree = "<group>"; };
		D5219A051BF55AAB009D44DF /* CapsuleSpec.swift */ = {isa = PBXFileReference; fileEncoding = 4; lastKnownFileType = sourcecode.swift; path = CapsuleSpec.swift; sourceTree = "<group>"; };
		D5219A071BF55BD7009D44DF /* ExpirySpec.swift */ = {isa = PBXFileReference; fileEncoding = 4; lastKnownFileType = sourcecode.swift; path = ExpirySpec.swift; sourceTree = "<group>"; };
		D5219A0A1BF55E63009D44DF /* DefaultCacheConverterSpec.swift */ = {isa = PBXFileReference; fileEncoding = 4; lastKnownFileType = sourcecode.swift; path = DefaultCacheConverterSpec.swift; sourceTree = "<group>"; };
		D5219A191BF62371009D44DF /* CacheTask.swift */ = {isa = PBXFileReference; fileEncoding = 4; lastKnownFileType = sourcecode.swift; path = CacheTask.swift; sourceTree = "<group>"; };
		D5219A201BF6240D009D44DF /* CacheTaskSpec.swift */ = {isa = PBXFileReference; fileEncoding = 4; lastKnownFileType = sourcecode.swift; path = CacheTaskSpec.swift; sourceTree = "<group>"; };
		D5219A221BF625CA009D44DF /* Config.swift */ = {isa = PBXFileReference; fileEncoding = 4; lastKnownFileType = sourcecode.swift; path = Config.swift; sourceTree = "<group>"; };
		D5219A281BF66BD9009D44DF /* StorageKind.swift */ = {isa = PBXFileReference; fileEncoding = 4; lastKnownFileType = sourcecode.swift; path = StorageKind.swift; sourceTree = "<group>"; };
		D5219A2A1BF66C0A009D44DF /* StorageKindSpec.swift */ = {isa = PBXFileReference; fileEncoding = 4; lastKnownFileType = sourcecode.swift; path = StorageKindSpec.swift; sourceTree = "<group>"; };
		D5219A2C1BF66CDC009D44DF /* ConfigSpec.swift */ = {isa = PBXFileReference; fileEncoding = 4; lastKnownFileType = sourcecode.swift; path = ConfigSpec.swift; sourceTree = "<group>"; };
		D5219A2E1BF66E8E009D44DF /* CacheSpec.swift */ = {isa = PBXFileReference; fileEncoding = 4; lastKnownFileType = sourcecode.swift; path = CacheSpec.swift; sourceTree = "<group>"; };
		D53830571BFA1BE600F43D58 /* StorageAware.swift */ = {isa = PBXFileReference; fileEncoding = 4; lastKnownFileType = sourcecode.swift; path = StorageAware.swift; sourceTree = "<group>"; };
		D53830581BFA1BE600F43D58 /* StorageFactory.swift */ = {isa = PBXFileReference; fileEncoding = 4; lastKnownFileType = sourcecode.swift; path = StorageFactory.swift; sourceTree = "<group>"; };
		D53830591BFA1BE600F43D58 /* DiskStorage.swift */ = {isa = PBXFileReference; fileEncoding = 4; lastKnownFileType = sourcecode.swift; path = DiskStorage.swift; sourceTree = "<group>"; };
		D538305A1BFA1BE600F43D58 /* MemoryStorage.swift */ = {isa = PBXFileReference; fileEncoding = 4; lastKnownFileType = sourcecode.swift; path = MemoryStorage.swift; sourceTree = "<group>"; };
		D53830621BFA245900F43D58 /* Cache.swift */ = {isa = PBXFileReference; fileEncoding = 4; lastKnownFileType = sourcecode.swift; path = Cache.swift; sourceTree = "<group>"; };
		D53830651BFA29E100F43D58 /* DiskStorageSpec.swift */ = {isa = PBXFileReference; fileEncoding = 4; lastKnownFileType = sourcecode.swift; path = DiskStorageSpec.swift; sourceTree = "<group>"; };
		D53830661BFA29E100F43D58 /* MemoryStorageSpec.swift */ = {isa = PBXFileReference; fileEncoding = 4; lastKnownFileType = sourcecode.swift; path = MemoryStorageSpec.swift; sourceTree = "<group>"; };
		D53830671BFA29E100F43D58 /* StorageFactorySpec.swift */ = {isa = PBXFileReference; fileEncoding = 4; lastKnownFileType = sourcecode.swift; path = StorageFactorySpec.swift; sourceTree = "<group>"; };
		D5684E851BFA33AA00488B96 /* HybridCache.swift */ = {isa = PBXFileReference; fileEncoding = 4; lastKnownFileType = sourcecode.swift; path = HybridCache.swift; sourceTree = "<group>"; };
		D5704C521BC84DAA0089F388 /* String+Cache.swift */ = {isa = PBXFileReference; fileEncoding = 4; lastKnownFileType = sourcecode.swift; path = "String+Cache.swift"; sourceTree = "<group>"; };
		D5CD0F721BCAE5F6004C0B32 /* SpecHelper.swift */ = {isa = PBXFileReference; fileEncoding = 4; lastKnownFileType = sourcecode.swift; path = SpecHelper.swift; sourceTree = "<group>"; };
		D5EA236A1BD5C21200FEABC3 /* String+CacheSpec.swift */ = {isa = PBXFileReference; fileEncoding = 4; lastKnownFileType = sourcecode.swift; path = "String+CacheSpec.swift"; sourceTree = "<group>"; };
/* End PBXFileReference section */

/* Begin PBXFrameworksBuildPhase section */
		146D72A91AB782920058798C /* Frameworks */ = {
			isa = PBXFrameworksBuildPhase;
			buildActionMask = 2147483647;
			files = (
				FB2C6582457B37B5F79DBC36 /* Pods.framework in Frameworks */,
			);
			runOnlyForDeploymentPostprocessing = 0;
		};
/* End PBXFrameworksBuildPhase section */

/* Begin PBXGroup section */
		146D728A1AB782920058798C = {
			isa = PBXGroup;
			children = (
				14C1365B1AB784BC00B7B07A /* Source */,
				14C136501AB7849300B7B07A /* Metadata */,
				146D72AF1AB782920058798C /* Tests */,
				146D72941AB782920058798C /* Products */,
				1E26A788C788B43A48C8276C /* Pods */,
				19D2B296CF59F08815CE40AB /* Frameworks */,
			);
			indentWidth = 2;
			sourceTree = "<group>";
			tabWidth = 2;
		};
		146D72941AB782920058798C /* Products */ = {
			isa = PBXGroup;
			children = (
				146D72AC1AB782920058798C /* Tests.xctest */,
			);
			name = Products;
			sourceTree = "<group>";
		};
		146D72AF1AB782920058798C /* Tests */ = {
			isa = PBXGroup;
			children = (
				D5EA23641BD5BDE700FEABC3 /* Specs */,
				D5CD0F711BCAE5DC004C0B32 /* Helpers */,
				146D72B01AB782920058798C /* Supporting Files */,
			);
			path = Tests;
			sourceTree = "<group>";
		};
		146D72B01AB782920058798C /* Supporting Files */ = {
			isa = PBXGroup;
			children = (
				146D72B11AB782920058798C /* Info.plist */,
			);
			name = "Supporting Files";
			sourceTree = "<group>";
		};
		14C136501AB7849300B7B07A /* Metadata */ = {
			isa = PBXGroup;
			children = (
				14C136511AB784B200B7B07A /* .travis.yml */,
				14C136521AB784B200B7B07A /* CONTRIBUTING.md */,
				14C136541AB784B200B7B07A /* LICENSE.md */,
				14C136551AB784B200B7B07A /* README.md */,
			);
			name = Metadata;
			sourceTree = "<group>";
		};
		14C1365B1AB784BC00B7B07A /* Source */ = {
			isa = PBXGroup;
			children = (
				D53830611BFA1CC900F43D58 /* Cache */,
				D53830561BFA1BE600F43D58 /* Storage */,
				D52199EF1BF51CD7009D44DF /* DataStructures */,
				D5704C511BC84D990089F388 /* Extensions */,
				D52199FD1BF53F98009D44DF /* Library */,
				D5219A221BF625CA009D44DF /* Config.swift */,
			);
			name = Source;
			path = ../Source;
			sourceTree = "<group>";
		};
		19D2B296CF59F08815CE40AB /* Frameworks */ = {
			isa = PBXGroup;
			children = (
				894692FFFEE3D6AC1422C867 /* Pods.framework */,
			);
			name = Frameworks;
			sourceTree = "<group>";
		};
		1E26A788C788B43A48C8276C /* Pods */ = {
			isa = PBXGroup;
			children = (
				19690E256D6AE4D5C44048DC /* Pods.debug.xcconfig */,
				2162049FAFBE0ABE9112787F /* Pods.release.xcconfig */,
			);
			name = Pods;
			sourceTree = "<group>";
		};
		D52199EF1BF51CD7009D44DF /* DataStructures */ = {
			isa = PBXGroup;
			children = (
				D52199F21BF51D03009D44DF /* Cachable.swift */,
				D5219A281BF66BD9009D44DF /* StorageKind.swift */,
				D52199F01BF51D03009D44DF /* Capsule.swift */,
				D52199F11BF51D03009D44DF /* Expiry.swift */,
			);
			path = DataStructures;
			sourceTree = "<group>";
		};
		D52199FD1BF53F98009D44DF /* Library */ = {
			isa = PBXGroup;
			children = (
				D5219A191BF62371009D44DF /* CacheTask.swift */,
				D52199FE1BF53FA8009D44DF /* DefaultCacheConverter.swift */,
			);
			path = Library;
			sourceTree = "<group>";
		};
		D5219A041BF55A95009D44DF /* DataStructures */ = {
			isa = PBXGroup;
			children = (
				D5219A2A1BF66C0A009D44DF /* StorageKindSpec.swift */,
				D5219A051BF55AAB009D44DF /* CapsuleSpec.swift */,
				D5219A071BF55BD7009D44DF /* ExpirySpec.swift */,
			);
			path = DataStructures;
			sourceTree = "<group>";
		};
		D5219A091BF55E4F009D44DF /* Library */ = {
			isa = PBXGroup;
			children = (
				D5219A201BF6240D009D44DF /* CacheTaskSpec.swift */,
				D5219A0A1BF55E63009D44DF /* DefaultCacheConverterSpec.swift */,
			);
			path = Library;
			sourceTree = "<group>";
		};
		D53830561BFA1BE600F43D58 /* Storage */ = {
			isa = PBXGroup;
			children = (
				D53830571BFA1BE600F43D58 /* StorageAware.swift */,
				D53830581BFA1BE600F43D58 /* StorageFactory.swift */,
				D53830591BFA1BE600F43D58 /* DiskStorage.swift */,
				D538305A1BFA1BE600F43D58 /* MemoryStorage.swift */,
			);
			path = Storage;
			sourceTree = "<group>";
		};
		D53830611BFA1CC900F43D58 /* Cache */ = {
			isa = PBXGroup;
			children = (
				D53830621BFA245900F43D58 /* Cache.swift */,
				D5684E851BFA33AA00488B96 /* HybridCache.swift */,
			);
			path = Cache;
			sourceTree = "<group>";
		};
		D53830641BFA29E100F43D58 /* Storage */ = {
			isa = PBXGroup;
			children = (
				D53830651BFA29E100F43D58 /* DiskStorageSpec.swift */,
				D53830661BFA29E100F43D58 /* MemoryStorageSpec.swift */,
				D53830671BFA29E100F43D58 /* StorageFactorySpec.swift */,
			);
			path = Storage;
			sourceTree = "<group>";
		};
		D5704C511BC84D990089F388 /* Extensions */ = {
			isa = PBXGroup;
			children = (
				D5704C521BC84DAA0089F388 /* String+Cache.swift */,
				D5219A001BF5502E009D44DF /* NSDate+Cache.swift */,
			);
			path = Extensions;
			sourceTree = "<group>";
		};
		D5CD0F711BCAE5DC004C0B32 /* Helpers */ = {
			isa = PBXGroup;
			children = (
				D5CD0F721BCAE5F6004C0B32 /* SpecHelper.swift */,
			);
			path = Helpers;
			sourceTree = "<group>";
		};
		D5EA23641BD5BDE700FEABC3 /* Specs */ = {
			isa = PBXGroup;
			children = (
				D53830641BFA29E100F43D58 /* Storage */,
				D5219A041BF55A95009D44DF /* DataStructures */,
				D5EA23691BD5C1E600FEABC3 /* Extensions */,
				D5219A091BF55E4F009D44DF /* Library */,
				D5219A2C1BF66CDC009D44DF /* ConfigSpec.swift */,
				D5219A2E1BF66E8E009D44DF /* CacheSpec.swift */,
			);
			path = Specs;
			sourceTree = "<group>";
		};
		D5EA23691BD5C1E600FEABC3 /* Extensions */ = {
			isa = PBXGroup;
			children = (
				D5EA236A1BD5C21200FEABC3 /* String+CacheSpec.swift */,
				D5219A021BF557DC009D44DF /* NSDate+CacheSpec.swift */,
			);
			path = Extensions;
			sourceTree = "<group>";
		};
/* End PBXGroup section */

/* Begin PBXNativeTarget section */
		146D72AB1AB782920058798C /* Tests */ = {
			isa = PBXNativeTarget;
			buildConfigurationList = 146D72B91AB782920058798C /* Build configuration list for PBXNativeTarget "Tests" */;
			buildPhases = (
				F925BC1FC8398D793DABD5F1 /* Check Pods Manifest.lock */,
				146D72A81AB782920058798C /* Sources */,
				146D72A91AB782920058798C /* Frameworks */,
				146D72AA1AB782920058798C /* Resources */,
				41A5726C401436A4348A7147 /* Embed Pods Frameworks */,
				1EC9FFEA0EDF4E0EFC7ABCC0 /* Copy Pods Resources */,
			);
			buildRules = (
			);
			dependencies = (
			);
			name = Tests;
			productName = PodTests;
			productReference = 146D72AC1AB782920058798C /* Tests.xctest */;
			productType = "com.apple.product-type.bundle.unit-test";
		};
/* End PBXNativeTarget section */

/* Begin PBXProject section */
		146D728B1AB782920058798C /* Project object */ = {
			isa = PBXProject;
			attributes = {
				LastSwiftUpdateCheck = 0700;
				LastUpgradeCheck = 0700;
				ORGANIZATIONNAME = Example;
				TargetAttributes = {
					146D72AB1AB782920058798C = {
						CreatedOnToolsVersion = 6.2;
					};
				};
			};
			buildConfigurationList = 146D728E1AB782920058798C /* Build configuration list for PBXProject "CacheTests" */;
			compatibilityVersion = "Xcode 3.2";
			developmentRegion = English;
			hasScannedForEncodings = 0;
			knownRegions = (
				en,
				Base,
			);
			mainGroup = 146D728A1AB782920058798C;
			productRefGroup = 146D72941AB782920058798C /* Products */;
			projectDirPath = "";
			projectRoot = "";
			targets = (
				146D72AB1AB782920058798C /* Tests */,
			);
		};
/* End PBXProject section */

/* Begin PBXResourcesBuildPhase section */
		146D72AA1AB782920058798C /* Resources */ = {
			isa = PBXResourcesBuildPhase;
			buildActionMask = 2147483647;
			files = (
			);
			runOnlyForDeploymentPostprocessing = 0;
		};
/* End PBXResourcesBuildPhase section */

/* Begin PBXShellScriptBuildPhase section */
		1EC9FFEA0EDF4E0EFC7ABCC0 /* Copy Pods Resources */ = {
			isa = PBXShellScriptBuildPhase;
			buildActionMask = 2147483647;
			files = (
			);
			inputPaths = (
			);
			name = "Copy Pods Resources";
			outputPaths = (
			);
			runOnlyForDeploymentPostprocessing = 0;
			shellPath = /bin/sh;
			shellScript = "\"${SRCROOT}/Pods/Target Support Files/Pods/Pods-resources.sh\"\n";
			showEnvVarsInLog = 0;
		};
		41A5726C401436A4348A7147 /* Embed Pods Frameworks */ = {
			isa = PBXShellScriptBuildPhase;
			buildActionMask = 2147483647;
			files = (
			);
			inputPaths = (
			);
			name = "Embed Pods Frameworks";
			outputPaths = (
			);
			runOnlyForDeploymentPostprocessing = 0;
			shellPath = /bin/sh;
			shellScript = "\"${SRCROOT}/Pods/Target Support Files/Pods/Pods-frameworks.sh\"\n";
			showEnvVarsInLog = 0;
		};
		F925BC1FC8398D793DABD5F1 /* Check Pods Manifest.lock */ = {
			isa = PBXShellScriptBuildPhase;
			buildActionMask = 2147483647;
			files = (
			);
			inputPaths = (
			);
			name = "Check Pods Manifest.lock";
			outputPaths = (
			);
			runOnlyForDeploymentPostprocessing = 0;
			shellPath = /bin/sh;
			shellScript = "diff \"${PODS_ROOT}/../Podfile.lock\" \"${PODS_ROOT}/Manifest.lock\" > /dev/null\nif [[ $? != 0 ]] ; then\n    cat << EOM\nerror: The sandbox is not in sync with the Podfile.lock. Run 'pod install' or update your CocoaPods installation.\nEOM\n    exit 1\nfi\n";
			showEnvVarsInLog = 0;
		};
/* End PBXShellScriptBuildPhase section */

/* Begin PBXSourcesBuildPhase section */
		146D72A81AB782920058798C /* Sources */ = {
			isa = PBXSourcesBuildPhase;
			buildActionMask = 2147483647;
			files = (
				D5219A081BF55BD7009D44DF /* ExpirySpec.swift in Sources */,
				D53830691BFA29E100F43D58 /* MemoryStorageSpec.swift in Sources */,
				D5684E861BFA33AA00488B96 /* HybridCache.swift in Sources */,
				D52199F51BF51D03009D44DF /* Cachable.swift in Sources */,
				D5EA236B1BD5C21200FEABC3 /* String+CacheSpec.swift in Sources */,
				D5219A211BF6240D009D44DF /* CacheTaskSpec.swift in Sources */,
				D538305D1BFA1BE600F43D58 /* StorageFactory.swift in Sources */,
				D5219A1A1BF62371009D44DF /* CacheTask.swift in Sources */,
				D538305E1BFA1BE600F43D58 /* DiskStorage.swift in Sources */,
				D52199FF1BF53FA8009D44DF /* DefaultCacheConverter.swift in Sources */,
				D5704C531BC84DAA0089F388 /* String+Cache.swift in Sources */,
				D5219A061BF55AAB009D44DF /* CapsuleSpec.swift in Sources */,
				D5219A291BF66BD9009D44DF /* StorageKind.swift in Sources */,
				D52199F41BF51D03009D44DF /* Expiry.swift in Sources */,
				D5219A031BF557DC009D44DF /* NSDate+CacheSpec.swift in Sources */,
				D5219A2F1BF66E8E009D44DF /* CacheSpec.swift in Sources */,
				D5219A011BF5502E009D44DF /* NSDate+Cache.swift in Sources */,
				D538305C1BFA1BE600F43D58 /* StorageAware.swift in Sources */,
				D538305F1BFA1BE600F43D58 /* MemoryStorage.swift in Sources */,
				D52199F31BF51D03009D44DF /* Capsule.swift in Sources */,
				D538306A1BFA29E100F43D58 /* StorageFactorySpec.swift in Sources */,
				D5219A2D1BF66CDC009D44DF /* ConfigSpec.swift in Sources */,
				D5219A231BF625CA009D44DF /* Config.swift in Sources */,
				D5219A2B1BF66C0A009D44DF /* StorageKindSpec.swift in Sources */,
				D5219A0B1BF55E63009D44DF /* DefaultCacheConverterSpec.swift in Sources */,
				D5CD0F731BCAE5F6004C0B32 /* SpecHelper.swift in Sources */,
				D53830631BFA245900F43D58 /* Cache.swift in Sources */,
				D53830681BFA29E100F43D58 /* DiskStorageSpec.swift in Sources */,
			);
			runOnlyForDeploymentPostprocessing = 0;
		};
/* End PBXSourcesBuildPhase section */

/* Begin XCBuildConfiguration section */
		146D72B41AB782920058798C /* Debug */ = {
			isa = XCBuildConfiguration;
			buildSettings = {
				ALWAYS_SEARCH_USER_PATHS = NO;
				CLANG_CXX_LANGUAGE_STANDARD = "gnu++0x";
				CLANG_CXX_LIBRARY = "libc++";
				CLANG_ENABLE_MODULES = YES;
				CLANG_ENABLE_OBJC_ARC = YES;
				CLANG_WARN_BOOL_CONVERSION = YES;
				CLANG_WARN_CONSTANT_CONVERSION = YES;
				CLANG_WARN_DIRECT_OBJC_ISA_USAGE = YES_ERROR;
				CLANG_WARN_EMPTY_BODY = YES;
				CLANG_WARN_ENUM_CONVERSION = YES;
				CLANG_WARN_INT_CONVERSION = YES;
				CLANG_WARN_OBJC_ROOT_CLASS = YES_ERROR;
				CLANG_WARN_UNREACHABLE_CODE = YES;
				CLANG_WARN__DUPLICATE_METHOD_MATCH = YES;
				"CODE_SIGN_IDENTITY[sdk=iphoneos*]" = "iPhone Developer";
				COPY_PHASE_STRIP = NO;
				ENABLE_STRICT_OBJC_MSGSEND = YES;
				ENABLE_TESTABILITY = YES;
				GCC_C_LANGUAGE_STANDARD = gnu99;
				GCC_DYNAMIC_NO_PIC = NO;
				GCC_OPTIMIZATION_LEVEL = 0;
				GCC_PREPROCESSOR_DEFINITIONS = (
					"DEBUG=1",
					"$(inherited)",
				);
				GCC_SYMBOLS_PRIVATE_EXTERN = NO;
				GCC_WARN_64_TO_32_BIT_CONVERSION = YES;
				GCC_WARN_ABOUT_RETURN_TYPE = YES_ERROR;
				GCC_WARN_UNDECLARED_SELECTOR = YES;
				GCC_WARN_UNINITIALIZED_AUTOS = YES_AGGRESSIVE;
				GCC_WARN_UNUSED_FUNCTION = YES;
				GCC_WARN_UNUSED_VARIABLE = YES;
				IPHONEOS_DEPLOYMENT_TARGET = 8.0;
				MTL_ENABLE_DEBUG_INFO = YES;
				ONLY_ACTIVE_ARCH = YES;
				SDKROOT = iphoneos;
			};
			name = Debug;
		};
		146D72B51AB782920058798C /* Release */ = {
			isa = XCBuildConfiguration;
			buildSettings = {
				ALWAYS_SEARCH_USER_PATHS = NO;
				CLANG_CXX_LANGUAGE_STANDARD = "gnu++0x";
				CLANG_CXX_LIBRARY = "libc++";
				CLANG_ENABLE_MODULES = YES;
				CLANG_ENABLE_OBJC_ARC = YES;
				CLANG_WARN_BOOL_CONVERSION = YES;
				CLANG_WARN_CONSTANT_CONVERSION = YES;
				CLANG_WARN_DIRECT_OBJC_ISA_USAGE = YES_ERROR;
				CLANG_WARN_EMPTY_BODY = YES;
				CLANG_WARN_ENUM_CONVERSION = YES;
				CLANG_WARN_INT_CONVERSION = YES;
				CLANG_WARN_OBJC_ROOT_CLASS = YES_ERROR;
				CLANG_WARN_UNREACHABLE_CODE = YES;
				CLANG_WARN__DUPLICATE_METHOD_MATCH = YES;
				"CODE_SIGN_IDENTITY[sdk=iphoneos*]" = "iPhone Developer";
				COPY_PHASE_STRIP = NO;
				ENABLE_NS_ASSERTIONS = NO;
				ENABLE_STRICT_OBJC_MSGSEND = YES;
				GCC_C_LANGUAGE_STANDARD = gnu99;
				GCC_WARN_64_TO_32_BIT_CONVERSION = YES;
				GCC_WARN_ABOUT_RETURN_TYPE = YES_ERROR;
				GCC_WARN_UNDECLARED_SELECTOR = YES;
				GCC_WARN_UNINITIALIZED_AUTOS = YES_AGGRESSIVE;
				GCC_WARN_UNUSED_FUNCTION = YES;
				GCC_WARN_UNUSED_VARIABLE = YES;
				IPHONEOS_DEPLOYMENT_TARGET = 8.0;
				MTL_ENABLE_DEBUG_INFO = NO;
				SDKROOT = iphoneos;
				VALIDATE_PRODUCT = YES;
			};
			name = Release;
		};
		146D72BA1AB782920058798C /* Debug */ = {
			isa = XCBuildConfiguration;
			baseConfigurationReference = 19690E256D6AE4D5C44048DC /* Pods.debug.xcconfig */;
			buildSettings = {
				CLANG_ENABLE_MODULES = YES;
				FRAMEWORK_SEARCH_PATHS = (
					"$(SDKROOT)/Developer/Library/Frameworks",
					"$(inherited)",
				);
				GCC_PREPROCESSOR_DEFINITIONS = (
					"DEBUG=1",
					"$(inherited)",
				);
				INFOPLIST_FILE = Tests/Info.plist;
				LD_RUNPATH_SEARCH_PATHS = "$(inherited) @executable_path/Frameworks @loader_path/Frameworks";
				PRODUCT_BUNDLE_IDENTIFIER = "com.example.$(PRODUCT_NAME:rfc1034identifier)";
				PRODUCT_NAME = "$(TARGET_NAME)";
				SWIFT_INSTALL_OBJC_HEADER = NO;
				SWIFT_OBJC_BRIDGING_HEADER = "";
				SWIFT_OPTIMIZATION_LEVEL = "-Onone";
			};
			name = Debug;
		};
		146D72BB1AB782920058798C /* Release */ = {
			isa = XCBuildConfiguration;
			baseConfigurationReference = 2162049FAFBE0ABE9112787F /* Pods.release.xcconfig */;
			buildSettings = {
				CLANG_ENABLE_MODULES = YES;
				FRAMEWORK_SEARCH_PATHS = (
					"$(SDKROOT)/Developer/Library/Frameworks",
					"$(inherited)",
				);
				INFOPLIST_FILE = Tests/Info.plist;
				LD_RUNPATH_SEARCH_PATHS = "$(inherited) @executable_path/Frameworks @loader_path/Frameworks";
				PRODUCT_BUNDLE_IDENTIFIER = "com.example.$(PRODUCT_NAME:rfc1034identifier)";
				PRODUCT_NAME = "$(TARGET_NAME)";
				SWIFT_INSTALL_OBJC_HEADER = NO;
				SWIFT_OBJC_BRIDGING_HEADER = "";
			};
			name = Release;
		};
/* End XCBuildConfiguration section */

/* Begin XCConfigurationList section */
		146D728E1AB782920058798C /* Build configuration list for PBXProject "CacheTests" */ = {
			isa = XCConfigurationList;
			buildConfigurations = (
				146D72B41AB782920058798C /* Debug */,
				146D72B51AB782920058798C /* Release */,
			);
			defaultConfigurationIsVisible = 0;
			defaultConfigurationName = Release;
		};
		146D72B91AB782920058798C /* Build configuration list for PBXNativeTarget "Tests" */ = {
			isa = XCConfigurationList;
			buildConfigurations = (
				146D72BA1AB782920058798C /* Debug */,
				146D72BB1AB782920058798C /* Release */,
			);
			defaultConfigurationIsVisible = 0;
			defaultConfigurationName = Release;
		};
/* End XCConfigurationList section */
	};
	rootObject = 146D728B1AB782920058798C /* Project object */;
}
